
Microsoft Visual Studio Solution File, Format Version 12.00
# Visual Studio 2013
VisualStudioVersion = 12.0.30723.0
MinimumVisualStudioVersion = 10.0.40219.1
Project("{FAE04EC0-301F-11D3-BF4B-00C04F79EFBC}") = "myProducts.Xamarin.WindowsPhone", "myProducts.Xamarin.WindowsPhone\myProducts.Xamarin.WindowsPhone.csproj", "{FBDD1368-A515-4FD9-B0A0-6F22E8B82284}"
EndProject
Project("{FAE04EC0-301F-11D3-BF4B-00C04F79EFBC}") = "myProducts.Xamarin.Android", "myProducts.Xamarin.Android\myProducts.Xamarin.Android.csproj", "{46F1EEDC-087C-475E-B2CE-A82148CA1D28}"
EndProject
Project("{FAE04EC0-301F-11D3-BF4B-00C04F79EFBC}") = "myProducts.Xamarin.iOS", "myProducts.Xamarin.iOS\myProducts.Xamarin.iOS.csproj", "{68D89E71-71C5-4C88-9B38-F6807F4F22E7}"
EndProject
Project("{FAE04EC0-301F-11D3-BF4B-00C04F79EFBC}") = "myProducts.Xamarin.Contracts", "myProducts.Xamarin.Contracts\myProducts.Xamarin.Contracts.csproj", "{A0EAAD39-6DCD-4341-A41B-B398BE366CB3}"
EndProject
Global
	GlobalSection(SolutionConfigurationPlatforms) = preSolution
		Ad-Hoc|Any CPU = Ad-Hoc|Any CPU
		Ad-Hoc|ARM = Ad-Hoc|ARM
		Ad-Hoc|iPhone = Ad-Hoc|iPhone
		Ad-Hoc|iPhoneSimulator = Ad-Hoc|iPhoneSimulator
		Ad-Hoc|Mixed Platforms = Ad-Hoc|Mixed Platforms
		Ad-Hoc|x86 = Ad-Hoc|x86
		AppStore|Any CPU = AppStore|Any CPU
		AppStore|ARM = AppStore|ARM
		AppStore|iPhone = AppStore|iPhone
		AppStore|iPhoneSimulator = AppStore|iPhoneSimulator
		AppStore|Mixed Platforms = AppStore|Mixed Platforms
		AppStore|x86 = AppStore|x86
		Debug|Any CPU = Debug|Any CPU
		Debug|ARM = Debug|ARM
		Debug|iPhone = Debug|iPhone
		Debug|iPhoneSimulator = Debug|iPhoneSimulator
		Debug|Mixed Platforms = Debug|Mixed Platforms
		Debug|x86 = Debug|x86
		Release|Any CPU = Release|Any CPU
		Release|ARM = Release|ARM
		Release|iPhone = Release|iPhone
		Release|iPhoneSimulator = Release|iPhoneSimulator
		Release|Mixed Platforms = Release|Mixed Platforms
		Release|x86 = Release|x86
	EndGlobalSection
	GlobalSection(ProjectConfigurationPlatforms) = postSolution
		{FBDD1368-A515-4FD9-B0A0-6F22E8B82284}.Ad-Hoc|Any CPU.ActiveCfg = Release|Any CPU
		{FBDD1368-A515-4FD9-B0A0-6F22E8B82284}.Ad-Hoc|Any CPU.Build.0 = Release|Any CPU
		{FBDD1368-A515-4FD9-B0A0-6F22E8B82284}.Ad-Hoc|Any CPU.Deploy.0 = Release|Any CPU
		{FBDD1368-A515-4FD9-B0A0-6F22E8B82284}.Ad-Hoc|ARM.ActiveCfg = Release|ARM
		{FBDD1368-A515-4FD9-B0A0-6F22E8B82284}.Ad-Hoc|ARM.Build.0 = Release|ARM
		{FBDD1368-A515-4FD9-B0A0-6F22E8B82284}.Ad-Hoc|ARM.Deploy.0 = Release|ARM
		{FBDD1368-A515-4FD9-B0A0-6F22E8B82284}.Ad-Hoc|iPhone.ActiveCfg = Release|Any CPU
		{FBDD1368-A515-4FD9-B0A0-6F22E8B82284}.Ad-Hoc|iPhoneSimulator.ActiveCfg = Release|Any CPU
		{FBDD1368-A515-4FD9-B0A0-6F22E8B82284}.Ad-Hoc|Mixed Platforms.ActiveCfg = Release|x86
		{FBDD1368-A515-4FD9-B0A0-6F22E8B82284}.Ad-Hoc|Mixed Platforms.Build.0 = Release|x86
		{FBDD1368-A515-4FD9-B0A0-6F22E8B82284}.Ad-Hoc|Mixed Platforms.Deploy.0 = Release|x86
		{FBDD1368-A515-4FD9-B0A0-6F22E8B82284}.Ad-Hoc|x86.ActiveCfg = Release|x86
		{FBDD1368-A515-4FD9-B0A0-6F22E8B82284}.Ad-Hoc|x86.Build.0 = Release|x86
		{FBDD1368-A515-4FD9-B0A0-6F22E8B82284}.Ad-Hoc|x86.Deploy.0 = Release|x86
		{FBDD1368-A515-4FD9-B0A0-6F22E8B82284}.AppStore|Any CPU.ActiveCfg = Release|Any CPU
		{FBDD1368-A515-4FD9-B0A0-6F22E8B82284}.AppStore|Any CPU.Build.0 = Release|Any CPU
		{FBDD1368-A515-4FD9-B0A0-6F22E8B82284}.AppStore|Any CPU.Deploy.0 = Release|Any CPU
		{FBDD1368-A515-4FD9-B0A0-6F22E8B82284}.AppStore|ARM.ActiveCfg = Release|ARM
		{FBDD1368-A515-4FD9-B0A0-6F22E8B82284}.AppStore|ARM.Build.0 = Release|ARM
		{FBDD1368-A515-4FD9-B0A0-6F22E8B82284}.AppStore|ARM.Deploy.0 = Release|ARM
		{FBDD1368-A515-4FD9-B0A0-6F22E8B82284}.AppStore|iPhone.ActiveCfg = Release|Any CPU
		{FBDD1368-A515-4FD9-B0A0-6F22E8B82284}.AppStore|iPhoneSimulator.ActiveCfg = Release|Any CPU
		{FBDD1368-A515-4FD9-B0A0-6F22E8B82284}.AppStore|Mixed Platforms.ActiveCfg = Release|x86
		{FBDD1368-A515-4FD9-B0A0-6F22E8B82284}.AppStore|Mixed Platforms.Build.0 = Release|x86
		{FBDD1368-A515-4FD9-B0A0-6F22E8B82284}.AppStore|Mixed Platforms.Deploy.0 = Release|x86
		{FBDD1368-A515-4FD9-B0A0-6F22E8B82284}.AppStore|x86.ActiveCfg = Release|x86
		{FBDD1368-A515-4FD9-B0A0-6F22E8B82284}.AppStore|x86.Build.0 = Release|x86
		{FBDD1368-A515-4FD9-B0A0-6F22E8B82284}.AppStore|x86.Deploy.0 = Release|x86
		{FBDD1368-A515-4FD9-B0A0-6F22E8B82284}.Debug|Any CPU.ActiveCfg = Debug|Any CPU
		{FBDD1368-A515-4FD9-B0A0-6F22E8B82284}.Debug|Any CPU.Build.0 = Debug|Any CPU
		{FBDD1368-A515-4FD9-B0A0-6F22E8B82284}.Debug|Any CPU.Deploy.0 = Debug|Any CPU
		{FBDD1368-A515-4FD9-B0A0-6F22E8B82284}.Debug|ARM.ActiveCfg = Debug|ARM
		{FBDD1368-A515-4FD9-B0A0-6F22E8B82284}.Debug|ARM.Build.0 = Debug|ARM
		{FBDD1368-A515-4FD9-B0A0-6F22E8B82284}.Debug|ARM.Deploy.0 = Debug|ARM
		{FBDD1368-A515-4FD9-B0A0-6F22E8B82284}.Debug|iPhone.ActiveCfg = Debug|Any CPU
		{FBDD1368-A515-4FD9-B0A0-6F22E8B82284}.Debug|iPhoneSimulator.ActiveCfg = Debug|Any CPU
		{FBDD1368-A515-4FD9-B0A0-6F22E8B82284}.Debug|Mixed Platforms.ActiveCfg = Debug|x86
		{FBDD1368-A515-4FD9-B0A0-6F22E8B82284}.Debug|Mixed Platforms.Build.0 = Debug|x86
		{FBDD1368-A515-4FD9-B0A0-6F22E8B82284}.Debug|Mixed Platforms.Deploy.0 = Debug|x86
		{FBDD1368-A515-4FD9-B0A0-6F22E8B82284}.Debug|x86.ActiveCfg = Debug|x86
		{FBDD1368-A515-4FD9-B0A0-6F22E8B82284}.Debug|x86.Build.0 = Debug|x86
		{FBDD1368-A515-4FD9-B0A0-6F22E8B82284}.Debug|x86.Deploy.0 = Debug|x86
		{FBDD1368-A515-4FD9-B0A0-6F22E8B82284}.Release|Any CPU.ActiveCfg = Release|Any CPU
		{FBDD1368-A515-4FD9-B0A0-6F22E8B82284}.Release|Any CPU.Build.0 = Release|Any CPU
		{FBDD1368-A515-4FD9-B0A0-6F22E8B82284}.Release|Any CPU.Deploy.0 = Release|Any CPU
		{FBDD1368-A515-4FD9-B0A0-6F22E8B82284}.Release|ARM.ActiveCfg = Release|ARM
		{FBDD1368-A515-4FD9-B0A0-6F22E8B82284}.Release|ARM.Build.0 = Release|ARM
		{FBDD1368-A515-4FD9-B0A0-6F22E8B82284}.Release|ARM.Deploy.0 = Release|ARM
		{FBDD1368-A515-4FD9-B0A0-6F22E8B82284}.Release|iPhone.ActiveCfg = Release|Any CPU
		{FBDD1368-A515-4FD9-B0A0-6F22E8B82284}.Release|iPhoneSimulator.ActiveCfg = Release|Any CPU
		{FBDD1368-A515-4FD9-B0A0-6F22E8B82284}.Release|Mixed Platforms.ActiveCfg = Release|x86
		{FBDD1368-A515-4FD9-B0A0-6F22E8B82284}.Release|Mixed Platforms.Build.0 = Release|x86
		{FBDD1368-A515-4FD9-B0A0-6F22E8B82284}.Release|Mixed Platforms.Deploy.0 = Release|x86
		{FBDD1368-A515-4FD9-B0A0-6F22E8B82284}.Release|x86.ActiveCfg = Release|x86
		{FBDD1368-A515-4FD9-B0A0-6F22E8B82284}.Release|x86.Build.0 = Release|x86
		{FBDD1368-A515-4FD9-B0A0-6F22E8B82284}.Release|x86.Deploy.0 = Release|x86
		{46F1EEDC-087C-475E-B2CE-A82148CA1D28}.Ad-Hoc|Any CPU.ActiveCfg = Release|Any CPU
		{46F1EEDC-087C-475E-B2CE-A82148CA1D28}.Ad-Hoc|Any CPU.Build.0 = Release|Any CPU
		{46F1EEDC-087C-475E-B2CE-A82148CA1D28}.Ad-Hoc|Any CPU.Deploy.0 = Release|Any CPU
		{46F1EEDC-087C-475E-B2CE-A82148CA1D28}.Ad-Hoc|ARM.ActiveCfg = Release|Any CPU
		{46F1EEDC-087C-475E-B2CE-A82148CA1D28}.Ad-Hoc|iPhone.ActiveCfg = Release|Any CPU
		{46F1EEDC-087C-475E-B2CE-A82148CA1D28}.Ad-Hoc|iPhoneSimulator.ActiveCfg = Release|Any CPU
		{46F1EEDC-087C-475E-B2CE-A82148CA1D28}.Ad-Hoc|Mixed Platforms.ActiveCfg = Release|Any CPU
		{46F1EEDC-087C-475E-B2CE-A82148CA1D28}.Ad-Hoc|Mixed Platforms.Build.0 = Release|Any CPU
		{46F1EEDC-087C-475E-B2CE-A82148CA1D28}.Ad-Hoc|Mixed Platforms.Deploy.0 = Release|Any CPU
		{46F1EEDC-087C-475E-B2CE-A82148CA1D28}.Ad-Hoc|x86.ActiveCfg = Release|Any CPU
		{46F1EEDC-087C-475E-B2CE-A82148CA1D28}.AppStore|Any CPU.ActiveCfg = Release|Any CPU
		{46F1EEDC-087C-475E-B2CE-A82148CA1D28}.AppStore|Any CPU.Build.0 = Release|Any CPU
		{46F1EEDC-087C-475E-B2CE-A82148CA1D28}.AppStore|Any CPU.Deploy.0 = Release|Any CPU
		{46F1EEDC-087C-475E-B2CE-A82148CA1D28}.AppStore|ARM.ActiveCfg = Release|Any CPU
		{46F1EEDC-087C-475E-B2CE-A82148CA1D28}.AppStore|iPhone.ActiveCfg = Release|Any CPU
		{46F1EEDC-087C-475E-B2CE-A82148CA1D28}.AppStore|iPhoneSimulator.ActiveCfg = Release|Any CPU
		{46F1EEDC-087C-475E-B2CE-A82148CA1D28}.AppStore|Mixed Platforms.ActiveCfg = Release|Any CPU
		{46F1EEDC-087C-475E-B2CE-A82148CA1D28}.AppStore|Mixed Platforms.Build.0 = Release|Any CPU
		{46F1EEDC-087C-475E-B2CE-A82148CA1D28}.AppStore|Mixed Platforms.Deploy.0 = Release|Any CPU
		{46F1EEDC-087C-475E-B2CE-A82148CA1D28}.AppStore|x86.ActiveCfg = Release|Any CPU
		{46F1EEDC-087C-475E-B2CE-A82148CA1D28}.Debug|Any CPU.ActiveCfg = Debug|Any CPU
		{46F1EEDC-087C-475E-B2CE-A82148CA1D28}.Debug|Any CPU.Build.0 = Debug|Any CPU
		{46F1EEDC-087C-475E-B2CE-A82148CA1D28}.Debug|Any CPU.Deploy.0 = Debug|Any CPU
		{46F1EEDC-087C-475E-B2CE-A82148CA1D28}.Debug|ARM.ActiveCfg = Debug|Any CPU
		{46F1EEDC-087C-475E-B2CE-A82148CA1D28}.Debug|iPhone.ActiveCfg = Debug|Any CPU
		{46F1EEDC-087C-475E-B2CE-A82148CA1D28}.Debug|iPhoneSimulator.ActiveCfg = Debug|Any CPU
		{46F1EEDC-087C-475E-B2CE-A82148CA1D28}.Debug|Mixed Platforms.ActiveCfg = Debug|Any CPU
		{46F1EEDC-087C-475E-B2CE-A82148CA1D28}.Debug|Mixed Platforms.Build.0 = Debug|Any CPU
		{46F1EEDC-087C-475E-B2CE-A82148CA1D28}.Debug|Mixed Platforms.Deploy.0 = Debug|Any CPU
		{46F1EEDC-087C-475E-B2CE-A82148CA1D28}.Debug|x86.ActiveCfg = Debug|Any CPU
		{46F1EEDC-087C-475E-B2CE-A82148CA1D28}.Release|Any CPU.ActiveCfg = Release|Any CPU
		{46F1EEDC-087C-475E-B2CE-A82148CA1D28}.Release|Any CPU.Build.0 = Release|Any CPU
		{46F1EEDC-087C-475E-B2CE-A82148CA1D28}.Release|Any CPU.Deploy.0 = Release|Any CPU
		{46F1EEDC-087C-475E-B2CE-A82148CA1D28}.Release|ARM.ActiveCfg = Release|Any CPU
		{46F1EEDC-087C-475E-B2CE-A82148CA1D28}.Release|iPhone.ActiveCfg = Release|Any CPU
		{46F1EEDC-087C-475E-B2CE-A82148CA1D28}.Release|iPhoneSimulator.ActiveCfg = Release|Any CPU
		{46F1EEDC-087C-475E-B2CE-A82148CA1D28}.Release|Mixed Platforms.ActiveCfg = Release|Any CPU
		{46F1EEDC-087C-475E-B2CE-A82148CA1D28}.Release|Mixed Platforms.Build.0 = Release|Any CPU
		{46F1EEDC-087C-475E-B2CE-A82148CA1D28}.Release|Mixed Platforms.Deploy.0 = Release|Any CPU
		{46F1EEDC-087C-475E-B2CE-A82148CA1D28}.Release|x86.ActiveCfg = Release|Any CPU
		{68D89E71-71C5-4C88-9B38-F6807F4F22E7}.Ad-Hoc|Any CPU.ActiveCfg = Ad-Hoc|iPhone
		{68D89E71-71C5-4C88-9B38-F6807F4F22E7}.Ad-Hoc|ARM.ActiveCfg = Ad-Hoc|iPhone
		{68D89E71-71C5-4C88-9B38-F6807F4F22E7}.Ad-Hoc|iPhone.ActiveCfg = Ad-Hoc|iPhone
		{68D89E71-71C5-4C88-9B38-F6807F4F22E7}.Ad-Hoc|iPhone.Build.0 = Ad-Hoc|iPhone
		{68D89E71-71C5-4C88-9B38-F6807F4F22E7}.Ad-Hoc|iPhone.Deploy.0 = Ad-Hoc|iPhone
		{68D89E71-71C5-4C88-9B38-F6807F4F22E7}.Ad-Hoc|iPhoneSimulator.ActiveCfg = Ad-Hoc|iPhoneSimulator
		{68D89E71-71C5-4C88-9B38-F6807F4F22E7}.Ad-Hoc|iPhoneSimulator.Build.0 = Ad-Hoc|iPhoneSimulator
		{68D89E71-71C5-4C88-9B38-F6807F4F22E7}.Ad-Hoc|iPhoneSimulator.Deploy.0 = Ad-Hoc|iPhoneSimulator
		{68D89E71-71C5-4C88-9B38-F6807F4F22E7}.Ad-Hoc|Mixed Platforms.ActiveCfg = Ad-Hoc|iPhone
		{68D89E71-71C5-4C88-9B38-F6807F4F22E7}.Ad-Hoc|Mixed Platforms.Build.0 = Ad-Hoc|iPhone
		{68D89E71-71C5-4C88-9B38-F6807F4F22E7}.Ad-Hoc|Mixed Platforms.Deploy.0 = Ad-Hoc|iPhone
		{68D89E71-71C5-4C88-9B38-F6807F4F22E7}.Ad-Hoc|x86.ActiveCfg = Ad-Hoc|iPhone
		{68D89E71-71C5-4C88-9B38-F6807F4F22E7}.AppStore|Any CPU.ActiveCfg = AppStore|iPhone
		{68D89E71-71C5-4C88-9B38-F6807F4F22E7}.AppStore|ARM.ActiveCfg = AppStore|iPhone
		{68D89E71-71C5-4C88-9B38-F6807F4F22E7}.AppStore|iPhone.ActiveCfg = AppStore|iPhone
		{68D89E71-71C5-4C88-9B38-F6807F4F22E7}.AppStore|iPhone.Build.0 = AppStore|iPhone
		{68D89E71-71C5-4C88-9B38-F6807F4F22E7}.AppStore|iPhone.Deploy.0 = AppStore|iPhone
		{68D89E71-71C5-4C88-9B38-F6807F4F22E7}.AppStore|iPhoneSimulator.ActiveCfg = AppStore|iPhoneSimulator
		{68D89E71-71C5-4C88-9B38-F6807F4F22E7}.AppStore|iPhoneSimulator.Build.0 = AppStore|iPhoneSimulator
		{68D89E71-71C5-4C88-9B38-F6807F4F22E7}.AppStore|iPhoneSimulator.Deploy.0 = AppStore|iPhoneSimulator
		{68D89E71-71C5-4C88-9B38-F6807F4F22E7}.AppStore|Mixed Platforms.ActiveCfg = AppStore|iPhone
		{68D89E71-71C5-4C88-9B38-F6807F4F22E7}.AppStore|Mixed Platforms.Build.0 = AppStore|iPhone
		{68D89E71-71C5-4C88-9B38-F6807F4F22E7}.AppStore|Mixed Platforms.Deploy.0 = AppStore|iPhone
		{68D89E71-71C5-4C88-9B38-F6807F4F22E7}.AppStore|x86.ActiveCfg = AppStore|iPhone
		{68D89E71-71C5-4C88-9B38-F6807F4F22E7}.Debug|Any CPU.ActiveCfg = Debug|iPhone
		{68D89E71-71C5-4C88-9B38-F6807F4F22E7}.Debug|ARM.ActiveCfg = Debug|iPhone
		{68D89E71-71C5-4C88-9B38-F6807F4F22E7}.Debug|iPhone.ActiveCfg = Debug|iPhone
		{68D89E71-71C5-4C88-9B38-F6807F4F22E7}.Debug|iPhone.Build.0 = Debug|iPhone
		{68D89E71-71C5-4C88-9B38-F6807F4F22E7}.Debug|iPhone.Deploy.0 = Debug|iPhone
		{68D89E71-71C5-4C88-9B38-F6807F4F22E7}.Debug|iPhoneSimulator.ActiveCfg = Debug|iPhoneSimulator
		{68D89E71-71C5-4C88-9B38-F6807F4F22E7}.Debug|iPhoneSimulator.Build.0 = Debug|iPhoneSimulator
		{68D89E71-71C5-4C88-9B38-F6807F4F22E7}.Debug|iPhoneSimulator.Deploy.0 = Debug|iPhoneSimulator
		{68D89E71-71C5-4C88-9B38-F6807F4F22E7}.Debug|Mixed Platforms.ActiveCfg = Debug|iPhone
		{68D89E71-71C5-4C88-9B38-F6807F4F22E7}.Debug|Mixed Platforms.Build.0 = Debug|iPhone
		{68D89E71-71C5-4C88-9B38-F6807F4F22E7}.Debug|Mixed Platforms.Deploy.0 = Debug|iPhone
		{68D89E71-71C5-4C88-9B38-F6807F4F22E7}.Debug|x86.ActiveCfg = Debug|iPhone
		{68D89E71-71C5-4C88-9B38-F6807F4F22E7}.Release|Any CPU.ActiveCfg = Release|iPhone
		{68D89E71-71C5-4C88-9B38-F6807F4F22E7}.Release|ARM.ActiveCfg = Release|iPhone
		{68D89E71-71C5-4C88-9B38-F6807F4F22E7}.Release|iPhone.ActiveCfg = Release|iPhone
		{68D89E71-71C5-4C88-9B38-F6807F4F22E7}.Release|iPhone.Build.0 = Release|iPhone
		{68D89E71-71C5-4C88-9B38-F6807F4F22E7}.Release|iPhone.Deploy.0 = Release|iPhone
		{68D89E71-71C5-4C88-9B38-F6807F4F22E7}.Release|iPhoneSimulator.ActiveCfg = Release|iPhoneSimulator
		{68D89E71-71C5-4C88-9B38-F6807F4F22E7}.Release|iPhoneSimulator.Build.0 = Release|iPhoneSimulator
		{68D89E71-71C5-4C88-9B38-F6807F4F22E7}.Release|iPhoneSimulator.Deploy.0 = Release|iPhoneSimulator
		{68D89E71-71C5-4C88-9B38-F6807F4F22E7}.Release|Mixed Platforms.ActiveCfg = Release|iPhone
		{68D89E71-71C5-4C88-9B38-F6807F4F22E7}.Release|Mixed Platforms.Build.0 = Release|iPhone
		{68D89E71-71C5-4C88-9B38-F6807F4F22E7}.Release|Mixed Platforms.Deploy.0 = Release|iPhone
		{68D89E71-71C5-4C88-9B38-F6807F4F22E7}.Release|x86.ActiveCfg = Release|iPhone
		{A0EAAD39-6DCD-4341-A41B-B398BE366CB3}.Ad-Hoc|Any CPU.ActiveCfg = Release|Any CPU
		{A0EAAD39-6DCD-4341-A41B-B398BE366CB3}.Ad-Hoc|Any CPU.Build.0 = Release|Any CPU
		{A0EAAD39-6DCD-4341-A41B-B398BE366CB3}.Ad-Hoc|ARM.ActiveCfg = Release|Any CPU
		{A0EAAD39-6DCD-4341-A41B-B398BE366CB3}.Ad-Hoc|iPhone.ActiveCfg = Release|Any CPU
		{A0EAAD39-6DCD-4341-A41B-B398BE366CB3}.Ad-Hoc|iPhoneSimulator.ActiveCfg = Release|Any CPU
		{A0EAAD39-6DCD-4341-A41B-B398BE366CB3}.Ad-Hoc|Mixed Platforms.ActiveCfg = Release|Any CPU
		{A0EAAD39-6DCD-4341-A41B-B398BE366CB3}.Ad-Hoc|Mixed Platforms.Build.0 = Release|Any CPU
		{A0EAAD39-6DCD-4341-A41B-B398BE366CB3}.Ad-Hoc|x86.ActiveCfg = Release|Any CPU
		{A0EAAD39-6DCD-4341-A41B-B398BE366CB3}.AppStore|Any CPU.ActiveCfg = Release|Any CPU
		{A0EAAD39-6DCD-4341-A41B-B398BE366CB3}.AppStore|Any CPU.Build.0 = Release|Any CPU
		{A0EAAD39-6DCD-4341-A41B-B398BE366CB3}.AppStore|ARM.ActiveCfg = Release|Any CPU
		{A0EAAD39-6DCD-4341-A41B-B398BE366CB3}.AppStore|iPhone.ActiveCfg = Release|Any CPU
		{A0EAAD39-6DCD-4341-A41B-B398BE366CB3}.AppStore|iPhoneSimulator.ActiveCfg = Release|Any CPU
		{A0EAAD39-6DCD-4341-A41B-B398BE366CB3}.AppStore|Mixed Platforms.ActiveCfg = Release|Any CPU
		{A0EAAD39-6DCD-4341-A41B-B398BE366CB3}.AppStore|Mixed Platforms.Build.0 = Release|Any CPU
		{A0EAAD39-6DCD-4341-A41B-B398BE366CB3}.AppStore|x86.ActiveCfg = Release|Any CPU
		{A0EAAD39-6DCD-4341-A41B-B398BE366CB3}.Debug|Any CPU.ActiveCfg = Debug|Any CPU
		{A0EAAD39-6DCD-4341-A41B-B398BE366CB3}.Debug|Any CPU.Build.0 = Debug|Any CPU
		{A0EAAD39-6DCD-4341-A41B-B398BE366CB3}.Debug|ARM.ActiveCfg = Debug|Any CPU
		{A0EAAD39-6DCD-4341-A41B-B398BE366CB3}.Debug|iPhone.ActiveCfg = Debug|Any CPU
		{A0EAAD39-6DCD-4341-A41B-B398BE366CB3}.Debug|iPhoneSimulator.ActiveCfg = Debug|Any CPU
		{A0EAAD39-6DCD-4341-A41B-B398BE366CB3}.Debug|Mixed Platforms.ActiveCfg = Debug|Any CPU
		{A0EAAD39-6DCD-4341-A41B-B398BE366CB3}.Debug|Mixed Platforms.Build.0 = Debug|Any CPU
		{A0EAAD39-6DCD-4341-A41B-B398BE366CB3}.Debug|x86.ActiveCfg = Debug|Any CPU
		{A0EAAD39-6DCD-4341-A41B-B398BE366CB3}.Release|Any CPU.ActiveCfg = Release|Any CPU
		{A0EAAD39-6DCD-4341-A41B-B398BE366CB3}.Release|Any CPU.Build.0 = Release|Any CPU
		{A0EAAD39-6DCD-4341-A41B-B398BE366CB3}.Release|ARM.ActiveCfg = Release|Any CPU
		{A0EAAD39-6DCD-4341-A41B-B398BE366CB3}.Release|iPhone.ActiveCfg = Release|Any CPU
		{A0EAAD39-6DCD-4341-A41B-B398BE366CB3}.Release|iPhoneSimulator.ActiveCfg = Release|Any CPU
		{A0EAAD39-6DCD-4341-A41B-B398BE366CB3}.Release|Mixed Platforms.ActiveCfg = Release|Any CPU
		{A0EAAD39-6DCD-4341-A41B-B398BE366CB3}.Release|Mixed Platforms.Build.0 = Release|Any CPU
		{A0EAAD39-6DCD-4341-A41B-B398BE366CB3}.Release|x86.ActiveCfg = Release|Any CPU
	EndGlobalSection
	GlobalSection(SolutionProperties) = preSolution
		HideSolutionNode = FALSE
	EndGlobalSection
EndGlobal
