
Microsoft Visual Studio Solution File, Format Version 12.00
# Visual Studio 2013
VisualStudioVersion = 12.0.30723.0
MinimumVisualStudioVersion = 10.0.40219.1
Project("{FAE04EC0-301F-11D3-BF4B-00C04F79EFBC}") = "myProducts.Xamarin.Android", "myProducts.Xamarin.Android\myProducts.Xamarin.Android.csproj", "{46F1EEDC-087C-475E-B2CE-A82148CA1D28}"
	ProjectSection(ProjectDependencies) = postProject
		{A0EAAD39-6DCD-4341-A41B-B398BE366CB3} = {A0EAAD39-6DCD-4341-A41B-B398BE366CB3}
		{74AD7847-2789-4555-B372-876ACF747137} = {74AD7847-2789-4555-B372-876ACF747137}
		{6F847F88-E5D2-40C7-8817-1E95679D9313} = {6F847F88-E5D2-40C7-8817-1E95679D9313}
	EndProjectSection
EndProject
Project("{FAE04EC0-301F-11D3-BF4B-00C04F79EFBC}") = "myProducts.Xamarin.iOS", "myProducts.Xamarin.iOS\myProducts.Xamarin.iOS.csproj", "{68D89E71-71C5-4C88-9B38-F6807F4F22E7}"
	ProjectSection(ProjectDependencies) = postProject
		{A0EAAD39-6DCD-4341-A41B-B398BE366CB3} = {A0EAAD39-6DCD-4341-A41B-B398BE366CB3}
		{74AD7847-2789-4555-B372-876ACF747137} = {74AD7847-2789-4555-B372-876ACF747137}
		{6F847F88-E5D2-40C7-8817-1E95679D9313} = {6F847F88-E5D2-40C7-8817-1E95679D9313}
	EndProjectSection
EndProject
Project("{FAE04EC0-301F-11D3-BF4B-00C04F79EFBC}") = "myProducts.Xamarin.Contracts", "myProducts.Xamarin.Contracts\myProducts.Xamarin.Contracts.csproj", "{A0EAAD39-6DCD-4341-A41B-B398BE366CB3}"
EndProject
Project("{FAE04EC0-301F-11D3-BF4B-00C04F79EFBC}") = "myProducts.Xamarin.Views", "myProducts.Xamarin.Views\myProducts.Xamarin.Views.csproj", "{C41B4700-F117-4B62-AD61-AADC47030D3A}"
EndProject
Project("{FAE04EC0-301F-11D3-BF4B-00C04F79EFBC}") = "myProducts.Xamarin.WindowsPhone", "myProducts.Xamarin.WindowsPhone\myProducts.Xamarin.WindowsPhone.csproj", "{2448CBC8-EA6D-47CD-999C-5883DC930E62}"
	ProjectSection(ProjectDependencies) = postProject
		{74AD7847-2789-4555-B372-876ACF747137} = {74AD7847-2789-4555-B372-876ACF747137}
		{6F847F88-E5D2-40C7-8817-1E95679D9313} = {6F847F88-E5D2-40C7-8817-1E95679D9313}
	EndProjectSection
EndProject
Project("{FAE04EC0-301F-11D3-BF4B-00C04F79EFBC}") = "myProducts.Xamarin.Common", "myProducts.Xamarin.Common\myProducts.Xamarin.Common.csproj", "{6F847F88-E5D2-40C7-8817-1E95679D9313}"
EndProject
Project("{FAE04EC0-301F-11D3-BF4B-00C04F79EFBC}") = "myProducts.Xamarin.ViewModels", "myProducts.Xamarin.ViewModels\myProducts.Xamarin.ViewModels.csproj", "{74AD7847-2789-4555-B372-876ACF747137}"
EndProject
Project("{2150E333-8FDC-42A3-9474-1A3956D46DE8}") = "Platforms", "Platforms", "{D71E43FE-426A-4BC9-8B5B-AB03BD8D4B30}"
EndProject
Project("{2150E333-8FDC-42A3-9474-1A3956D46DE8}") = ".nuget", ".nuget", "{4547744F-95F3-401E-BC02-1A729AE34313}"
	ProjectSection(SolutionItems) = preProject
		.nuget\NuGet.Config = .nuget\NuGet.Config
		.nuget\NuGet.exe = .nuget\NuGet.exe
		.nuget\NuGet.targets = .nuget\NuGet.targets
	EndProjectSection
EndProject
Global
	GlobalSection(SolutionConfigurationPlatforms) = preSolution
		Ad-Hoc|Any CPU = Ad-Hoc|Any CPU
		Ad-Hoc|ARM = Ad-Hoc|ARM
		Ad-Hoc|iPhone = Ad-Hoc|iPhone
		Ad-Hoc|iPhoneSimulator = Ad-Hoc|iPhoneSimulator
		Ad-Hoc|Mixed Platforms = Ad-Hoc|Mixed Platforms
		Ad-Hoc|x86 = Ad-Hoc|x86
		AppStore|Any CPU = AppStore|Any CPU
		AppStore|ARM = AppStore|ARM
		AppStore|iPhone = AppStore|iPhone
		AppStore|iPhoneSimulator = AppStore|iPhoneSimulator
		AppStore|Mixed Platforms = AppStore|Mixed Platforms
		AppStore|x86 = AppStore|x86
		Debug|Any CPU = Debug|Any CPU
		Debug|ARM = Debug|ARM
		Debug|iPhone = Debug|iPhone
		Debug|iPhoneSimulator = Debug|iPhoneSimulator
		Debug|Mixed Platforms = Debug|Mixed Platforms
		Debug|x86 = Debug|x86
		Release|Any CPU = Release|Any CPU
		Release|ARM = Release|ARM
		Release|iPhone = Release|iPhone
		Release|iPhoneSimulator = Release|iPhoneSimulator
		Release|Mixed Platforms = Release|Mixed Platforms
		Release|x86 = Release|x86
	EndGlobalSection
	GlobalSection(ProjectConfigurationPlatforms) = postSolution
		{46F1EEDC-087C-475E-B2CE-A82148CA1D28}.Ad-Hoc|Any CPU.ActiveCfg = Release|Any CPU
		{46F1EEDC-087C-475E-B2CE-A82148CA1D28}.Ad-Hoc|Any CPU.Build.0 = Release|Any CPU
		{46F1EEDC-087C-475E-B2CE-A82148CA1D28}.Ad-Hoc|Any CPU.Deploy.0 = Release|Any CPU
		{46F1EEDC-087C-475E-B2CE-A82148CA1D28}.Ad-Hoc|ARM.ActiveCfg = Release|Any CPU
		{46F1EEDC-087C-475E-B2CE-A82148CA1D28}.Ad-Hoc|iPhone.ActiveCfg = Release|Any CPU
		{46F1EEDC-087C-475E-B2CE-A82148CA1D28}.Ad-Hoc|iPhoneSimulator.ActiveCfg = Release|Any CPU
		{46F1EEDC-087C-475E-B2CE-A82148CA1D28}.Ad-Hoc|Mixed Platforms.ActiveCfg = Release|Any CPU
		{46F1EEDC-087C-475E-B2CE-A82148CA1D28}.Ad-Hoc|Mixed Platforms.Build.0 = Release|Any CPU
		{46F1EEDC-087C-475E-B2CE-A82148CA1D28}.Ad-Hoc|Mixed Platforms.Deploy.0 = Release|Any CPU
		{46F1EEDC-087C-475E-B2CE-A82148CA1D28}.Ad-Hoc|x86.ActiveCfg = Release|Any CPU
		{46F1EEDC-087C-475E-B2CE-A82148CA1D28}.AppStore|Any CPU.ActiveCfg = Release|Any CPU
		{46F1EEDC-087C-475E-B2CE-A82148CA1D28}.AppStore|Any CPU.Build.0 = Release|Any CPU
		{46F1EEDC-087C-475E-B2CE-A82148CA1D28}.AppStore|Any CPU.Deploy.0 = Release|Any CPU
		{46F1EEDC-087C-475E-B2CE-A82148CA1D28}.AppStore|ARM.ActiveCfg = Release|Any CPU
		{46F1EEDC-087C-475E-B2CE-A82148CA1D28}.AppStore|iPhone.ActiveCfg = Release|Any CPU
		{46F1EEDC-087C-475E-B2CE-A82148CA1D28}.AppStore|iPhoneSimulator.ActiveCfg = Release|Any CPU
		{46F1EEDC-087C-475E-B2CE-A82148CA1D28}.AppStore|Mixed Platforms.ActiveCfg = Release|Any CPU
		{46F1EEDC-087C-475E-B2CE-A82148CA1D28}.AppStore|Mixed Platforms.Build.0 = Release|Any CPU
		{46F1EEDC-087C-475E-B2CE-A82148CA1D28}.AppStore|Mixed Platforms.Deploy.0 = Release|Any CPU
		{46F1EEDC-087C-475E-B2CE-A82148CA1D28}.AppStore|x86.ActiveCfg = Release|Any CPU
		{46F1EEDC-087C-475E-B2CE-A82148CA1D28}.Debug|Any CPU.ActiveCfg = Debug|Any CPU
		{46F1EEDC-087C-475E-B2CE-A82148CA1D28}.Debug|Any CPU.Build.0 = Debug|Any CPU
		{46F1EEDC-087C-475E-B2CE-A82148CA1D28}.Debug|Any CPU.Deploy.0 = Debug|Any CPU
		{46F1EEDC-087C-475E-B2CE-A82148CA1D28}.Debug|ARM.ActiveCfg = Debug|Any CPU
		{46F1EEDC-087C-475E-B2CE-A82148CA1D28}.Debug|iPhone.ActiveCfg = Debug|Any CPU
		{46F1EEDC-087C-475E-B2CE-A82148CA1D28}.Debug|iPhoneSimulator.ActiveCfg = Debug|Any CPU
		{46F1EEDC-087C-475E-B2CE-A82148CA1D28}.Debug|Mixed Platforms.ActiveCfg = Debug|Any CPU
		{46F1EEDC-087C-475E-B2CE-A82148CA1D28}.Debug|Mixed Platforms.Build.0 = Debug|Any CPU
		{46F1EEDC-087C-475E-B2CE-A82148CA1D28}.Debug|Mixed Platforms.Deploy.0 = Debug|Any CPU
		{46F1EEDC-087C-475E-B2CE-A82148CA1D28}.Debug|x86.ActiveCfg = Debug|Any CPU
		{46F1EEDC-087C-475E-B2CE-A82148CA1D28}.Release|Any CPU.ActiveCfg = Release|Any CPU
		{46F1EEDC-087C-475E-B2CE-A82148CA1D28}.Release|Any CPU.Build.0 = Release|Any CPU
		{46F1EEDC-087C-475E-B2CE-A82148CA1D28}.Release|Any CPU.Deploy.0 = Release|Any CPU
		{46F1EEDC-087C-475E-B2CE-A82148CA1D28}.Release|ARM.ActiveCfg = Release|Any CPU
		{46F1EEDC-087C-475E-B2CE-A82148CA1D28}.Release|iPhone.ActiveCfg = Release|Any CPU
		{46F1EEDC-087C-475E-B2CE-A82148CA1D28}.Release|iPhoneSimulator.ActiveCfg = Release|Any CPU
		{46F1EEDC-087C-475E-B2CE-A82148CA1D28}.Release|Mixed Platforms.ActiveCfg = Release|Any CPU
		{46F1EEDC-087C-475E-B2CE-A82148CA1D28}.Release|Mixed Platforms.Build.0 = Release|Any CPU
		{46F1EEDC-087C-475E-B2CE-A82148CA1D28}.Release|Mixed Platforms.Deploy.0 = Release|Any CPU
		{46F1EEDC-087C-475E-B2CE-A82148CA1D28}.Release|x86.ActiveCfg = Release|Any CPU
		{68D89E71-71C5-4C88-9B38-F6807F4F22E7}.Ad-Hoc|Any CPU.ActiveCfg = Ad-Hoc|iPhone
		{68D89E71-71C5-4C88-9B38-F6807F4F22E7}.Ad-Hoc|ARM.ActiveCfg = Ad-Hoc|iPhone
		{68D89E71-71C5-4C88-9B38-F6807F4F22E7}.Ad-Hoc|iPhone.ActiveCfg = Ad-Hoc|iPhone
		{68D89E71-71C5-4C88-9B38-F6807F4F22E7}.Ad-Hoc|iPhone.Build.0 = Ad-Hoc|iPhone
		{68D89E71-71C5-4C88-9B38-F6807F4F22E7}.Ad-Hoc|iPhone.Deploy.0 = Ad-Hoc|iPhone
		{68D89E71-71C5-4C88-9B38-F6807F4F22E7}.Ad-Hoc|iPhoneSimulator.ActiveCfg = Ad-Hoc|iPhoneSimulator
		{68D89E71-71C5-4C88-9B38-F6807F4F22E7}.Ad-Hoc|iPhoneSimulator.Build.0 = Ad-Hoc|iPhoneSimulator
		{68D89E71-71C5-4C88-9B38-F6807F4F22E7}.Ad-Hoc|iPhoneSimulator.Deploy.0 = Ad-Hoc|iPhoneSimulator
		{68D89E71-71C5-4C88-9B38-F6807F4F22E7}.Ad-Hoc|Mixed Platforms.ActiveCfg = Ad-Hoc|iPhone
		{68D89E71-71C5-4C88-9B38-F6807F4F22E7}.Ad-Hoc|Mixed Platforms.Build.0 = Ad-Hoc|iPhone
		{68D89E71-71C5-4C88-9B38-F6807F4F22E7}.Ad-Hoc|Mixed Platforms.Deploy.0 = Ad-Hoc|iPhone
		{68D89E71-71C5-4C88-9B38-F6807F4F22E7}.Ad-Hoc|x86.ActiveCfg = Ad-Hoc|iPhone
		{68D89E71-71C5-4C88-9B38-F6807F4F22E7}.AppStore|Any CPU.ActiveCfg = AppStore|iPhone
		{68D89E71-71C5-4C88-9B38-F6807F4F22E7}.AppStore|ARM.ActiveCfg = AppStore|iPhone
		{68D89E71-71C5-4C88-9B38-F6807F4F22E7}.AppStore|iPhone.ActiveCfg = AppStore|iPhone
		{68D89E71-71C5-4C88-9B38-F6807F4F22E7}.AppStore|iPhone.Build.0 = AppStore|iPhone
		{68D89E71-71C5-4C88-9B38-F6807F4F22E7}.AppStore|iPhone.Deploy.0 = AppStore|iPhone
		{68D89E71-71C5-4C88-9B38-F6807F4F22E7}.AppStore|iPhoneSimulator.ActiveCfg = AppStore|iPhoneSimulator
		{68D89E71-71C5-4C88-9B38-F6807F4F22E7}.AppStore|iPhoneSimulator.Build.0 = AppStore|iPhoneSimulator
		{68D89E71-71C5-4C88-9B38-F6807F4F22E7}.AppStore|iPhoneSimulator.Deploy.0 = AppStore|iPhoneSimulator
		{68D89E71-71C5-4C88-9B38-F6807F4F22E7}.AppStore|Mixed Platforms.ActiveCfg = AppStore|iPhone
		{68D89E71-71C5-4C88-9B38-F6807F4F22E7}.AppStore|Mixed Platforms.Build.0 = AppStore|iPhone
		{68D89E71-71C5-4C88-9B38-F6807F4F22E7}.AppStore|Mixed Platforms.Deploy.0 = AppStore|iPhone
		{68D89E71-71C5-4C88-9B38-F6807F4F22E7}.AppStore|x86.ActiveCfg = AppStore|iPhone
		{68D89E71-71C5-4C88-9B38-F6807F4F22E7}.Debug|Any CPU.ActiveCfg = Debug|iPhone
		{68D89E71-71C5-4C88-9B38-F6807F4F22E7}.Debug|ARM.ActiveCfg = Debug|iPhone
		{68D89E71-71C5-4C88-9B38-F6807F4F22E7}.Debug|iPhone.ActiveCfg = Debug|iPhone
		{68D89E71-71C5-4C88-9B38-F6807F4F22E7}.Debug|iPhone.Build.0 = Debug|iPhone
		{68D89E71-71C5-4C88-9B38-F6807F4F22E7}.Debug|iPhone.Deploy.0 = Debug|iPhone
		{68D89E71-71C5-4C88-9B38-F6807F4F22E7}.Debug|iPhoneSimulator.ActiveCfg = Debug|iPhoneSimulator
		{68D89E71-71C5-4C88-9B38-F6807F4F22E7}.Debug|iPhoneSimulator.Build.0 = Debug|iPhoneSimulator
		{68D89E71-71C5-4C88-9B38-F6807F4F22E7}.Debug|iPhoneSimulator.Deploy.0 = Debug|iPhoneSimulator
		{68D89E71-71C5-4C88-9B38-F6807F4F22E7}.Debug|Mixed Platforms.ActiveCfg = Debug|iPhone
		{68D89E71-71C5-4C88-9B38-F6807F4F22E7}.Debug|Mixed Platforms.Build.0 = Debug|iPhone
		{68D89E71-71C5-4C88-9B38-F6807F4F22E7}.Debug|Mixed Platforms.Deploy.0 = Debug|iPhone
		{68D89E71-71C5-4C88-9B38-F6807F4F22E7}.Debug|x86.ActiveCfg = Debug|iPhone
		{68D89E71-71C5-4C88-9B38-F6807F4F22E7}.Release|Any CPU.ActiveCfg = Release|iPhone
		{68D89E71-71C5-4C88-9B38-F6807F4F22E7}.Release|ARM.ActiveCfg = Release|iPhone
		{68D89E71-71C5-4C88-9B38-F6807F4F22E7}.Release|iPhone.ActiveCfg = Release|iPhone
		{68D89E71-71C5-4C88-9B38-F6807F4F22E7}.Release|iPhone.Build.0 = Release|iPhone
		{68D89E71-71C5-4C88-9B38-F6807F4F22E7}.Release|iPhone.Deploy.0 = Release|iPhone
		{68D89E71-71C5-4C88-9B38-F6807F4F22E7}.Release|iPhoneSimulator.ActiveCfg = Release|iPhoneSimulator
		{68D89E71-71C5-4C88-9B38-F6807F4F22E7}.Release|iPhoneSimulator.Build.0 = Release|iPhoneSimulator
		{68D89E71-71C5-4C88-9B38-F6807F4F22E7}.Release|iPhoneSimulator.Deploy.0 = Release|iPhoneSimulator
		{68D89E71-71C5-4C88-9B38-F6807F4F22E7}.Release|Mixed Platforms.ActiveCfg = Release|iPhone
		{68D89E71-71C5-4C88-9B38-F6807F4F22E7}.Release|Mixed Platforms.Build.0 = Release|iPhone
		{68D89E71-71C5-4C88-9B38-F6807F4F22E7}.Release|Mixed Platforms.Deploy.0 = Release|iPhone
		{68D89E71-71C5-4C88-9B38-F6807F4F22E7}.Release|x86.ActiveCfg = Release|iPhone
		{A0EAAD39-6DCD-4341-A41B-B398BE366CB3}.Ad-Hoc|Any CPU.ActiveCfg = Release|Any CPU
		{A0EAAD39-6DCD-4341-A41B-B398BE366CB3}.Ad-Hoc|Any CPU.Build.0 = Release|Any CPU
		{A0EAAD39-6DCD-4341-A41B-B398BE366CB3}.Ad-Hoc|ARM.ActiveCfg = Release|Any CPU
		{A0EAAD39-6DCD-4341-A41B-B398BE366CB3}.Ad-Hoc|iPhone.ActiveCfg = Release|Any CPU
		{A0EAAD39-6DCD-4341-A41B-B398BE366CB3}.Ad-Hoc|iPhoneSimulator.ActiveCfg = Release|Any CPU
		{A0EAAD39-6DCD-4341-A41B-B398BE366CB3}.Ad-Hoc|Mixed Platforms.ActiveCfg = Release|Any CPU
		{A0EAAD39-6DCD-4341-A41B-B398BE366CB3}.Ad-Hoc|Mixed Platforms.Build.0 = Release|Any CPU
		{A0EAAD39-6DCD-4341-A41B-B398BE366CB3}.Ad-Hoc|x86.ActiveCfg = Release|Any CPU
		{A0EAAD39-6DCD-4341-A41B-B398BE366CB3}.AppStore|Any CPU.ActiveCfg = Release|Any CPU
		{A0EAAD39-6DCD-4341-A41B-B398BE366CB3}.AppStore|Any CPU.Build.0 = Release|Any CPU
		{A0EAAD39-6DCD-4341-A41B-B398BE366CB3}.AppStore|ARM.ActiveCfg = Release|Any CPU
		{A0EAAD39-6DCD-4341-A41B-B398BE366CB3}.AppStore|iPhone.ActiveCfg = Release|Any CPU
		{A0EAAD39-6DCD-4341-A41B-B398BE366CB3}.AppStore|iPhoneSimulator.ActiveCfg = Release|Any CPU
		{A0EAAD39-6DCD-4341-A41B-B398BE366CB3}.AppStore|Mixed Platforms.ActiveCfg = Release|Any CPU
		{A0EAAD39-6DCD-4341-A41B-B398BE366CB3}.AppStore|Mixed Platforms.Build.0 = Release|Any CPU
		{A0EAAD39-6DCD-4341-A41B-B398BE366CB3}.AppStore|x86.ActiveCfg = Release|Any CPU
		{A0EAAD39-6DCD-4341-A41B-B398BE366CB3}.Debug|Any CPU.ActiveCfg = Debug|Any CPU
		{A0EAAD39-6DCD-4341-A41B-B398BE366CB3}.Debug|Any CPU.Build.0 = Debug|Any CPU
		{A0EAAD39-6DCD-4341-A41B-B398BE366CB3}.Debug|ARM.ActiveCfg = Debug|Any CPU
		{A0EAAD39-6DCD-4341-A41B-B398BE366CB3}.Debug|iPhone.ActiveCfg = Debug|Any CPU
		{A0EAAD39-6DCD-4341-A41B-B398BE366CB3}.Debug|iPhoneSimulator.ActiveCfg = Debug|Any CPU
		{A0EAAD39-6DCD-4341-A41B-B398BE366CB3}.Debug|Mixed Platforms.ActiveCfg = Debug|Any CPU
		{A0EAAD39-6DCD-4341-A41B-B398BE366CB3}.Debug|Mixed Platforms.Build.0 = Debug|Any CPU
		{A0EAAD39-6DCD-4341-A41B-B398BE366CB3}.Debug|x86.ActiveCfg = Debug|Any CPU
		{A0EAAD39-6DCD-4341-A41B-B398BE366CB3}.Release|Any CPU.ActiveCfg = Release|Any CPU
		{A0EAAD39-6DCD-4341-A41B-B398BE366CB3}.Release|Any CPU.Build.0 = Release|Any CPU
		{A0EAAD39-6DCD-4341-A41B-B398BE366CB3}.Release|ARM.ActiveCfg = Release|Any CPU
		{A0EAAD39-6DCD-4341-A41B-B398BE366CB3}.Release|iPhone.ActiveCfg = Release|Any CPU
		{A0EAAD39-6DCD-4341-A41B-B398BE366CB3}.Release|iPhoneSimulator.ActiveCfg = Release|Any CPU
		{A0EAAD39-6DCD-4341-A41B-B398BE366CB3}.Release|Mixed Platforms.ActiveCfg = Release|Any CPU
		{A0EAAD39-6DCD-4341-A41B-B398BE366CB3}.Release|Mixed Platforms.Build.0 = Release|Any CPU
		{A0EAAD39-6DCD-4341-A41B-B398BE366CB3}.Release|x86.ActiveCfg = Release|Any CPU
		{C41B4700-F117-4B62-AD61-AADC47030D3A}.Ad-Hoc|Any CPU.ActiveCfg = Release|Any CPU
		{C41B4700-F117-4B62-AD61-AADC47030D3A}.Ad-Hoc|Any CPU.Build.0 = Release|Any CPU
		{C41B4700-F117-4B62-AD61-AADC47030D3A}.Ad-Hoc|ARM.ActiveCfg = Release|Any CPU
		{C41B4700-F117-4B62-AD61-AADC47030D3A}.Ad-Hoc|iPhone.ActiveCfg = Release|Any CPU
		{C41B4700-F117-4B62-AD61-AADC47030D3A}.Ad-Hoc|iPhoneSimulator.ActiveCfg = Release|Any CPU
		{C41B4700-F117-4B62-AD61-AADC47030D3A}.Ad-Hoc|Mixed Platforms.ActiveCfg = Release|Any CPU
		{C41B4700-F117-4B62-AD61-AADC47030D3A}.Ad-Hoc|Mixed Platforms.Build.0 = Release|Any CPU
		{C41B4700-F117-4B62-AD61-AADC47030D3A}.Ad-Hoc|x86.ActiveCfg = Release|Any CPU
		{C41B4700-F117-4B62-AD61-AADC47030D3A}.AppStore|Any CPU.ActiveCfg = Release|Any CPU
		{C41B4700-F117-4B62-AD61-AADC47030D3A}.AppStore|Any CPU.Build.0 = Release|Any CPU
		{C41B4700-F117-4B62-AD61-AADC47030D3A}.AppStore|ARM.ActiveCfg = Release|Any CPU
		{C41B4700-F117-4B62-AD61-AADC47030D3A}.AppStore|iPhone.ActiveCfg = Release|Any CPU
		{C41B4700-F117-4B62-AD61-AADC47030D3A}.AppStore|iPhoneSimulator.ActiveCfg = Release|Any CPU
		{C41B4700-F117-4B62-AD61-AADC47030D3A}.AppStore|Mixed Platforms.ActiveCfg = Release|Any CPU
		{C41B4700-F117-4B62-AD61-AADC47030D3A}.AppStore|Mixed Platforms.Build.0 = Release|Any CPU
		{C41B4700-F117-4B62-AD61-AADC47030D3A}.AppStore|x86.ActiveCfg = Release|Any CPU
		{C41B4700-F117-4B62-AD61-AADC47030D3A}.Debug|Any CPU.ActiveCfg = Debug|Any CPU
		{C41B4700-F117-4B62-AD61-AADC47030D3A}.Debug|Any CPU.Build.0 = Debug|Any CPU
		{C41B4700-F117-4B62-AD61-AADC47030D3A}.Debug|ARM.ActiveCfg = Debug|Any CPU
		{C41B4700-F117-4B62-AD61-AADC47030D3A}.Debug|iPhone.ActiveCfg = Debug|Any CPU
		{C41B4700-F117-4B62-AD61-AADC47030D3A}.Debug|iPhoneSimulator.ActiveCfg = Debug|Any CPU
		{C41B4700-F117-4B62-AD61-AADC47030D3A}.Debug|Mixed Platforms.ActiveCfg = Debug|Any CPU
		{C41B4700-F117-4B62-AD61-AADC47030D3A}.Debug|Mixed Platforms.Build.0 = Debug|Any CPU
		{C41B4700-F117-4B62-AD61-AADC47030D3A}.Debug|x86.ActiveCfg = Debug|Any CPU
		{C41B4700-F117-4B62-AD61-AADC47030D3A}.Release|Any CPU.ActiveCfg = Release|Any CPU
		{C41B4700-F117-4B62-AD61-AADC47030D3A}.Release|Any CPU.Build.0 = Release|Any CPU
		{C41B4700-F117-4B62-AD61-AADC47030D3A}.Release|ARM.ActiveCfg = Release|Any CPU
		{C41B4700-F117-4B62-AD61-AADC47030D3A}.Release|iPhone.ActiveCfg = Release|Any CPU
		{C41B4700-F117-4B62-AD61-AADC47030D3A}.Release|iPhoneSimulator.ActiveCfg = Release|Any CPU
		{C41B4700-F117-4B62-AD61-AADC47030D3A}.Release|Mixed Platforms.ActiveCfg = Release|Any CPU
		{C41B4700-F117-4B62-AD61-AADC47030D3A}.Release|Mixed Platforms.Build.0 = Release|Any CPU
		{C41B4700-F117-4B62-AD61-AADC47030D3A}.Release|x86.ActiveCfg = Release|Any CPU
		{2448CBC8-EA6D-47CD-999C-5883DC930E62}.Ad-Hoc|Any CPU.ActiveCfg = Release|Any CPU
		{2448CBC8-EA6D-47CD-999C-5883DC930E62}.Ad-Hoc|Any CPU.Build.0 = Release|Any CPU
		{2448CBC8-EA6D-47CD-999C-5883DC930E62}.Ad-Hoc|Any CPU.Deploy.0 = Release|Any CPU
		{2448CBC8-EA6D-47CD-999C-5883DC930E62}.Ad-Hoc|ARM.ActiveCfg = Release|ARM
		{2448CBC8-EA6D-47CD-999C-5883DC930E62}.Ad-Hoc|ARM.Build.0 = Release|ARM
		{2448CBC8-EA6D-47CD-999C-5883DC930E62}.Ad-Hoc|ARM.Deploy.0 = Release|ARM
		{2448CBC8-EA6D-47CD-999C-5883DC930E62}.Ad-Hoc|iPhone.ActiveCfg = Release|Any CPU
		{2448CBC8-EA6D-47CD-999C-5883DC930E62}.Ad-Hoc|iPhoneSimulator.ActiveCfg = Release|Any CPU
		{2448CBC8-EA6D-47CD-999C-5883DC930E62}.Ad-Hoc|Mixed Platforms.ActiveCfg = Release|x86
		{2448CBC8-EA6D-47CD-999C-5883DC930E62}.Ad-Hoc|Mixed Platforms.Build.0 = Release|x86
		{2448CBC8-EA6D-47CD-999C-5883DC930E62}.Ad-Hoc|Mixed Platforms.Deploy.0 = Release|x86
		{2448CBC8-EA6D-47CD-999C-5883DC930E62}.Ad-Hoc|x86.ActiveCfg = Release|x86
		{2448CBC8-EA6D-47CD-999C-5883DC930E62}.Ad-Hoc|x86.Build.0 = Release|x86
		{2448CBC8-EA6D-47CD-999C-5883DC930E62}.Ad-Hoc|x86.Deploy.0 = Release|x86
		{2448CBC8-EA6D-47CD-999C-5883DC930E62}.AppStore|Any CPU.ActiveCfg = Release|Any CPU
		{2448CBC8-EA6D-47CD-999C-5883DC930E62}.AppStore|Any CPU.Build.0 = Release|Any CPU
		{2448CBC8-EA6D-47CD-999C-5883DC930E62}.AppStore|Any CPU.Deploy.0 = Release|Any CPU
		{2448CBC8-EA6D-47CD-999C-5883DC930E62}.AppStore|ARM.ActiveCfg = Release|ARM
		{2448CBC8-EA6D-47CD-999C-5883DC930E62}.AppStore|ARM.Build.0 = Release|ARM
		{2448CBC8-EA6D-47CD-999C-5883DC930E62}.AppStore|ARM.Deploy.0 = Release|ARM
		{2448CBC8-EA6D-47CD-999C-5883DC930E62}.AppStore|iPhone.ActiveCfg = Release|Any CPU
		{2448CBC8-EA6D-47CD-999C-5883DC930E62}.AppStore|iPhoneSimulator.ActiveCfg = Release|Any CPU
		{2448CBC8-EA6D-47CD-999C-5883DC930E62}.AppStore|Mixed Platforms.ActiveCfg = Release|x86
		{2448CBC8-EA6D-47CD-999C-5883DC930E62}.AppStore|Mixed Platforms.Build.0 = Release|x86
		{2448CBC8-EA6D-47CD-999C-5883DC930E62}.AppStore|Mixed Platforms.Deploy.0 = Release|x86
		{2448CBC8-EA6D-47CD-999C-5883DC930E62}.AppStore|x86.ActiveCfg = Release|x86
		{2448CBC8-EA6D-47CD-999C-5883DC930E62}.AppStore|x86.Build.0 = Release|x86
		{2448CBC8-EA6D-47CD-999C-5883DC930E62}.AppStore|x86.Deploy.0 = Release|x86
		{2448CBC8-EA6D-47CD-999C-5883DC930E62}.Debug|Any CPU.ActiveCfg = Debug|Any CPU
		{2448CBC8-EA6D-47CD-999C-5883DC930E62}.Debug|Any CPU.Build.0 = Debug|Any CPU
		{2448CBC8-EA6D-47CD-999C-5883DC930E62}.Debug|Any CPU.Deploy.0 = Debug|Any CPU
		{2448CBC8-EA6D-47CD-999C-5883DC930E62}.Debug|ARM.ActiveCfg = Debug|ARM
		{2448CBC8-EA6D-47CD-999C-5883DC930E62}.Debug|ARM.Build.0 = Debug|ARM
		{2448CBC8-EA6D-47CD-999C-5883DC930E62}.Debug|ARM.Deploy.0 = Debug|ARM
		{2448CBC8-EA6D-47CD-999C-5883DC930E62}.Debug|iPhone.ActiveCfg = Debug|Any CPU
		{2448CBC8-EA6D-47CD-999C-5883DC930E62}.Debug|iPhoneSimulator.ActiveCfg = Debug|Any CPU
		{2448CBC8-EA6D-47CD-999C-5883DC930E62}.Debug|Mixed Platforms.ActiveCfg = Debug|x86
		{2448CBC8-EA6D-47CD-999C-5883DC930E62}.Debug|Mixed Platforms.Build.0 = Debug|x86
		{2448CBC8-EA6D-47CD-999C-5883DC930E62}.Debug|Mixed Platforms.Deploy.0 = Debug|x86
		{2448CBC8-EA6D-47CD-999C-5883DC930E62}.Debug|x86.ActiveCfg = Debug|x86
		{2448CBC8-EA6D-47CD-999C-5883DC930E62}.Debug|x86.Build.0 = Debug|x86
		{2448CBC8-EA6D-47CD-999C-5883DC930E62}.Debug|x86.Deploy.0 = Debug|x86
		{2448CBC8-EA6D-47CD-999C-5883DC930E62}.Release|Any CPU.ActiveCfg = Release|Any CPU
		{2448CBC8-EA6D-47CD-999C-5883DC930E62}.Release|Any CPU.Build.0 = Release|Any CPU
		{2448CBC8-EA6D-47CD-999C-5883DC930E62}.Release|Any CPU.Deploy.0 = Release|Any CPU
		{2448CBC8-EA6D-47CD-999C-5883DC930E62}.Release|ARM.ActiveCfg = Release|ARM
		{2448CBC8-EA6D-47CD-999C-5883DC930E62}.Release|ARM.Build.0 = Release|ARM
		{2448CBC8-EA6D-47CD-999C-5883DC930E62}.Release|ARM.Deploy.0 = Release|ARM
		{2448CBC8-EA6D-47CD-999C-5883DC930E62}.Release|iPhone.ActiveCfg = Release|Any CPU
		{2448CBC8-EA6D-47CD-999C-5883DC930E62}.Release|iPhoneSimulator.ActiveCfg = Release|Any CPU
		{2448CBC8-EA6D-47CD-999C-5883DC930E62}.Release|Mixed Platforms.ActiveCfg = Release|x86
		{2448CBC8-EA6D-47CD-999C-5883DC930E62}.Release|Mixed Platforms.Build.0 = Release|x86
		{2448CBC8-EA6D-47CD-999C-5883DC930E62}.Release|Mixed Platforms.Deploy.0 = Release|x86
		{2448CBC8-EA6D-47CD-999C-5883DC930E62}.Release|x86.ActiveCfg = Release|x86
		{2448CBC8-EA6D-47CD-999C-5883DC930E62}.Release|x86.Build.0 = Release|x86
		{2448CBC8-EA6D-47CD-999C-5883DC930E62}.Release|x86.Deploy.0 = Release|x86
		{6F847F88-E5D2-40C7-8817-1E95679D9313}.Ad-Hoc|Any CPU.ActiveCfg = Release|Any CPU
		{6F847F88-E5D2-40C7-8817-1E95679D9313}.Ad-Hoc|Any CPU.Build.0 = Release|Any CPU
		{6F847F88-E5D2-40C7-8817-1E95679D9313}.Ad-Hoc|ARM.ActiveCfg = Release|Any CPU
		{6F847F88-E5D2-40C7-8817-1E95679D9313}.Ad-Hoc|iPhone.ActiveCfg = Release|Any CPU
		{6F847F88-E5D2-40C7-8817-1E95679D9313}.Ad-Hoc|iPhoneSimulator.ActiveCfg = Release|Any CPU
		{6F847F88-E5D2-40C7-8817-1E95679D9313}.Ad-Hoc|Mixed Platforms.ActiveCfg = Release|Any CPU
		{6F847F88-E5D2-40C7-8817-1E95679D9313}.Ad-Hoc|Mixed Platforms.Build.0 = Release|Any CPU
		{6F847F88-E5D2-40C7-8817-1E95679D9313}.Ad-Hoc|x86.ActiveCfg = Release|Any CPU
		{6F847F88-E5D2-40C7-8817-1E95679D9313}.AppStore|Any CPU.ActiveCfg = Release|Any CPU
		{6F847F88-E5D2-40C7-8817-1E95679D9313}.AppStore|Any CPU.Build.0 = Release|Any CPU
		{6F847F88-E5D2-40C7-8817-1E95679D9313}.AppStore|ARM.ActiveCfg = Release|Any CPU
		{6F847F88-E5D2-40C7-8817-1E95679D9313}.AppStore|iPhone.ActiveCfg = Release|Any CPU
		{6F847F88-E5D2-40C7-8817-1E95679D9313}.AppStore|iPhoneSimulator.ActiveCfg = Release|Any CPU
		{6F847F88-E5D2-40C7-8817-1E95679D9313}.AppStore|Mixed Platforms.ActiveCfg = Release|Any CPU
		{6F847F88-E5D2-40C7-8817-1E95679D9313}.AppStore|Mixed Platforms.Build.0 = Release|Any CPU
		{6F847F88-E5D2-40C7-8817-1E95679D9313}.AppStore|x86.ActiveCfg = Release|Any CPU
		{6F847F88-E5D2-40C7-8817-1E95679D9313}.Debug|Any CPU.ActiveCfg = Debug|Any CPU
		{6F847F88-E5D2-40C7-8817-1E95679D9313}.Debug|Any CPU.Build.0 = Debug|Any CPU
		{6F847F88-E5D2-40C7-8817-1E95679D9313}.Debug|ARM.ActiveCfg = Debug|Any CPU
		{6F847F88-E5D2-40C7-8817-1E95679D9313}.Debug|iPhone.ActiveCfg = Debug|Any CPU
		{6F847F88-E5D2-40C7-8817-1E95679D9313}.Debug|iPhoneSimulator.ActiveCfg = Debug|Any CPU
		{6F847F88-E5D2-40C7-8817-1E95679D9313}.Debug|Mixed Platforms.ActiveCfg = Debug|Any CPU
		{6F847F88-E5D2-40C7-8817-1E95679D9313}.Debug|Mixed Platforms.Build.0 = Debug|Any CPU
		{6F847F88-E5D2-40C7-8817-1E95679D9313}.Debug|x86.ActiveCfg = Debug|Any CPU
		{6F847F88-E5D2-40C7-8817-1E95679D9313}.Release|Any CPU.ActiveCfg = Release|Any CPU
		{6F847F88-E5D2-40C7-8817-1E95679D9313}.Release|Any CPU.Build.0 = Release|Any CPU
		{6F847F88-E5D2-40C7-8817-1E95679D9313}.Release|ARM.ActiveCfg = Release|Any CPU
		{6F847F88-E5D2-40C7-8817-1E95679D9313}.Release|iPhone.ActiveCfg = Release|Any CPU
		{6F847F88-E5D2-40C7-8817-1E95679D9313}.Release|iPhoneSimulator.ActiveCfg = Release|Any CPU
		{6F847F88-E5D2-40C7-8817-1E95679D9313}.Release|Mixed Platforms.ActiveCfg = Release|Any CPU
		{6F847F88-E5D2-40C7-8817-1E95679D9313}.Release|Mixed Platforms.Build.0 = Release|Any CPU
		{6F847F88-E5D2-40C7-8817-1E95679D9313}.Release|x86.ActiveCfg = Release|Any CPU
		{74AD7847-2789-4555-B372-876ACF747137}.Ad-Hoc|Any CPU.ActiveCfg = Release|Any CPU
		{74AD7847-2789-4555-B372-876ACF747137}.Ad-Hoc|Any CPU.Build.0 = Release|Any CPU
		{74AD7847-2789-4555-B372-876ACF747137}.Ad-Hoc|ARM.ActiveCfg = Release|Any CPU
		{74AD7847-2789-4555-B372-876ACF747137}.Ad-Hoc|iPhone.ActiveCfg = Release|Any CPU
		{74AD7847-2789-4555-B372-876ACF747137}.Ad-Hoc|iPhoneSimulator.ActiveCfg = Release|Any CPU
		{74AD7847-2789-4555-B372-876ACF747137}.Ad-Hoc|Mixed Platforms.ActiveCfg = Release|Any CPU
		{74AD7847-2789-4555-B372-876ACF747137}.Ad-Hoc|Mixed Platforms.Build.0 = Release|Any CPU
		{74AD7847-2789-4555-B372-876ACF747137}.Ad-Hoc|x86.ActiveCfg = Release|Any CPU
		{74AD7847-2789-4555-B372-876ACF747137}.AppStore|Any CPU.ActiveCfg = Release|Any CPU
		{74AD7847-2789-4555-B372-876ACF747137}.AppStore|Any CPU.Build.0 = Release|Any CPU
		{74AD7847-2789-4555-B372-876ACF747137}.AppStore|ARM.ActiveCfg = Release|Any CPU
		{74AD7847-2789-4555-B372-876ACF747137}.AppStore|iPhone.ActiveCfg = Release|Any CPU
		{74AD7847-2789-4555-B372-876ACF747137}.AppStore|iPhoneSimulator.ActiveCfg = Release|Any CPU
		{74AD7847-2789-4555-B372-876ACF747137}.AppStore|Mixed Platforms.ActiveCfg = Release|Any CPU
		{74AD7847-2789-4555-B372-876ACF747137}.AppStore|Mixed Platforms.Build.0 = Release|Any CPU
		{74AD7847-2789-4555-B372-876ACF747137}.AppStore|x86.ActiveCfg = Release|Any CPU
		{74AD7847-2789-4555-B372-876ACF747137}.Debug|Any CPU.ActiveCfg = Debug|Any CPU
		{74AD7847-2789-4555-B372-876ACF747137}.Debug|Any CPU.Build.0 = Debug|Any CPU
		{74AD7847-2789-4555-B372-876ACF747137}.Debug|ARM.ActiveCfg = Debug|Any CPU
		{74AD7847-2789-4555-B372-876ACF747137}.Debug|iPhone.ActiveCfg = Debug|Any CPU
		{74AD7847-2789-4555-B372-876ACF747137}.Debug|iPhoneSimulator.ActiveCfg = Debug|Any CPU
		{74AD7847-2789-4555-B372-876ACF747137}.Debug|Mixed Platforms.ActiveCfg = Debug|Any CPU
		{74AD7847-2789-4555-B372-876ACF747137}.Debug|Mixed Platforms.Build.0 = Debug|Any CPU
		{74AD7847-2789-4555-B372-876ACF747137}.Debug|x86.ActiveCfg = Debug|Any CPU
		{74AD7847-2789-4555-B372-876ACF747137}.Release|Any CPU.ActiveCfg = Release|Any CPU
		{74AD7847-2789-4555-B372-876ACF747137}.Release|Any CPU.Build.0 = Release|Any CPU
		{74AD7847-2789-4555-B372-876ACF747137}.Release|ARM.ActiveCfg = Release|Any CPU
		{74AD7847-2789-4555-B372-876ACF747137}.Release|iPhone.ActiveCfg = Release|Any CPU
		{74AD7847-2789-4555-B372-876ACF747137}.Release|iPhoneSimulator.ActiveCfg = Release|Any CPU
		{74AD7847-2789-4555-B372-876ACF747137}.Release|Mixed Platforms.ActiveCfg = Release|Any CPU
		{74AD7847-2789-4555-B372-876ACF747137}.Release|Mixed Platforms.Build.0 = Release|Any CPU
		{74AD7847-2789-4555-B372-876ACF747137}.Release|x86.ActiveCfg = Release|Any CPU
	EndGlobalSection
	GlobalSection(SolutionProperties) = preSolution
		HideSolutionNode = FALSE
	EndGlobalSection
	GlobalSection(NestedProjects) = preSolution
		{46F1EEDC-087C-475E-B2CE-A82148CA1D28} = {D71E43FE-426A-4BC9-8B5B-AB03BD8D4B30}
		{68D89E71-71C5-4C88-9B38-F6807F4F22E7} = {D71E43FE-426A-4BC9-8B5B-AB03BD8D4B30}
		{2448CBC8-EA6D-47CD-999C-5883DC930E62} = {D71E43FE-426A-4BC9-8B5B-AB03BD8D4B30}
	EndGlobalSection
EndGlobal
