
Microsoft Visual Studio Solution File, Format Version 12.00
# Visual Studio 2012
Project("{FAE04EC0-301F-11D3-BF4B-00C04F79EFBC}") = "MasterDetail.DataAccess", "MasterDetail.DataAccess\MasterDetail.DataAccess.csproj", "{82EEAA96-8E08-4820-9914-0738CB1C3317}"
EndProject
Project("{FAE04EC0-301F-11D3-BF4B-00C04F79EFBC}") = "MasterDetail.Web", "MasterDetail.Web\MasterDetail.Web.csproj", "{7B2C0D1F-37D9-4E8B-91FE-3CE33B1DA822}"
EndProject
Project("{2150E333-8FDC-42A3-9474-1A3956D46DE8}") = ".nuget", ".nuget", "{9D286960-C0DE-4C93-9C41-288F27AEDE2A}"
	ProjectSection(SolutionItems) = preProject
		.nuget\NuGet.Config = .nuget\NuGet.Config
		.nuget\NuGet.exe = .nuget\NuGet.exe
		.nuget\NuGet.targets = .nuget\NuGet.targets
	EndProjectSection
EndProject
Project("{FAE04EC0-301F-11D3-BF4B-00C04F79EFBC}") = "MasterDetail.TestData", "MasterDetail.TestData\MasterDetail.TestData.csproj", "{E24817BB-5AD6-4B27-B75B-1D3824EA88FB}"
EndProject
Project("{FAE04EC0-301F-11D3-BF4B-00C04F79EFBC}") = "WebAPI.OutputCache", "WebAPI.OutputCache\WebAPI.OutputCache.csproj", "{4F32DC89-081B-4264-92F8-F3371A088EB4}"
EndProject
Project("{2150E333-8FDC-42A3-9474-1A3956D46DE8}") = "libs", "libs", "{D16EC645-05E7-4628-876E-E0E1356CC97E}"
EndProject
Global
	GlobalSection(SolutionConfigurationPlatforms) = preSolution
		Debug|Any CPU = Debug|Any CPU
		Release|Any CPU = Release|Any CPU
	EndGlobalSection
	GlobalSection(ProjectConfigurationPlatforms) = postSolution
		{82EEAA96-8E08-4820-9914-0738CB1C3317}.Debug|Any CPU.ActiveCfg = Debug|Any CPU
		{82EEAA96-8E08-4820-9914-0738CB1C3317}.Debug|Any CPU.Build.0 = Debug|Any CPU
		{82EEAA96-8E08-4820-9914-0738CB1C3317}.Release|Any CPU.ActiveCfg = Release|Any CPU
		{82EEAA96-8E08-4820-9914-0738CB1C3317}.Release|Any CPU.Build.0 = Release|Any CPU
		{7B2C0D1F-37D9-4E8B-91FE-3CE33B1DA822}.Debug|Any CPU.ActiveCfg = Debug|Any CPU
		{7B2C0D1F-37D9-4E8B-91FE-3CE33B1DA822}.Debug|Any CPU.Build.0 = Debug|Any CPU
		{7B2C0D1F-37D9-4E8B-91FE-3CE33B1DA822}.Release|Any CPU.ActiveCfg = Release|Any CPU
		{7B2C0D1F-37D9-4E8B-91FE-3CE33B1DA822}.Release|Any CPU.Build.0 = Release|Any CPU
		{E24817BB-5AD6-4B27-B75B-1D3824EA88FB}.Debug|Any CPU.ActiveCfg = Debug|Any CPU
		{E24817BB-5AD6-4B27-B75B-1D3824EA88FB}.Debug|Any CPU.Build.0 = Debug|Any CPU
		{E24817BB-5AD6-4B27-B75B-1D3824EA88FB}.Release|Any CPU.ActiveCfg = Release|Any CPU
		{E24817BB-5AD6-4B27-B75B-1D3824EA88FB}.Release|Any CPU.Build.0 = Release|Any CPU
		{4F32DC89-081B-4264-92F8-F3371A088EB4}.Debug|Any CPU.ActiveCfg = Debug|Any CPU
		{4F32DC89-081B-4264-92F8-F3371A088EB4}.Debug|Any CPU.Build.0 = Debug|Any CPU
		{4F32DC89-081B-4264-92F8-F3371A088EB4}.Release|Any CPU.ActiveCfg = Release|Any CPU
		{4F32DC89-081B-4264-92F8-F3371A088EB4}.Release|Any CPU.Build.0 = Release|Any CPU
	EndGlobalSection
	GlobalSection(SolutionProperties) = preSolution
		HideSolutionNode = FALSE
	EndGlobalSection
	GlobalSection(NestedProjects) = preSolution
		{4F32DC89-081B-4264-92F8-F3371A088EB4} = {D16EC645-05E7-4628-876E-E0E1356CC97E}
	EndGlobalSection
EndGlobal
