
Microsoft Visual Studio Solution File, Format Version 12.00
# Visual Studio 2013
VisualStudioVersion = 12.0.30501.0
MinimumVisualStudioVersion = 10.0.40219.1
Project("{FAE04EC0-301F-11D3-BF4B-00C04F79EFBC}") = "myProducts.Model", "myProducts.DataAccess\myProducts.Model.csproj", "{82EEAA96-8E08-4820-9914-0738CB1C3317}"
EndProject
Project("{FAE04EC0-301F-11D3-BF4B-00C04F79EFBC}") = "myProducts.Web", "myProducts.Web\myProducts.Web.csproj", "{7B2C0D1F-37D9-4E8B-91FE-3CE33B1DA822}"
	ProjectSection(ProjectDependencies) = postProject
		{59D93108-6C96-496E-A91D-B723B16B23ED} = {59D93108-6C96-496E-A91D-B723B16B23ED}
	EndProjectSection
EndProject
Project("{FAE04EC0-301F-11D3-BF4B-00C04F79EFBC}") = "myProducts.DataGenerator", "myProducts.TestData\myProducts.DataGenerator.csproj", "{E24817BB-5AD6-4B27-B75B-1D3824EA88FB}"
EndProject
Project("{FAE04EC0-301F-11D3-BF4B-00C04F79EFBC}") = "WebAPI.OutputCache", "libs\WebAPI.OutputCache\WebAPI.OutputCache.csproj", "{4F32DC89-081B-4264-92F8-F3371A088EB4}"
EndProject
Project("{2150E333-8FDC-42A3-9474-1A3956D46DE8}") = "Libs", "Libs", "{D16EC645-05E7-4628-876E-E0E1356CC97E}"
EndProject
Project("{FAE04EC0-301F-11D3-BF4B-00C04F79EFBC}") = "PerfIt", "libs\PerfIt\PerfIt.csproj", "{D5C2F6DB-26E7-415C-89E9-97B4C83E09AB}"
EndProject
Project("{FAE04EC0-301F-11D3-BF4B-00C04F79EFBC}") = "myProducts.Services", "myProducts.Services\myProducts.Services.csproj", "{59D93108-6C96-496E-A91D-B723B16B23ED}"
EndProject
Project("{FAE04EC0-301F-11D3-BF4B-00C04F79EFBC}") = "myProducts.Hosting", "myProducts.Hosting\myProducts.Hosting.csproj", "{3A55D123-F887-4CFD-99E7-B1A9FBD32C36}"
EndProject
Project("{FAE04EC0-301F-11D3-BF4B-00C04F79EFBC}") = "myProducts.SelfHost", "myProducts.SelfHost\myProducts.SelfHost.csproj", "{97046BCF-227C-4F65-9374-733FDBDBE1F4}"
EndProject
Project("{FAE04EC0-301F-11D3-BF4B-00C04F79EFBC}") = "myProducts.Tests", "myProducts.Tests\myProducts.Tests.csproj", "{E50EAD59-DA89-4D16-841F-E685C431C762}"
EndProject
Project("{2150E333-8FDC-42A3-9474-1A3956D46DE8}") = "Tools", "Tools", "{CE8925FC-4049-4DEF-BB3E-5F1557B22C20}"
EndProject
Project("{FAE04EC0-301F-11D3-BF4B-00C04F79EFBC}") = "myProducts.Resources", "myProducts.Resources\myProducts.Resources.csproj", "{7C373040-6D5A-4874-B38F-909CAC45B429}"
EndProject
Project("{FAE04EC0-301F-11D3-BF4B-00C04F79EFBC}") = "Thinktecture.Applications.Framework", "Thinktecture.Applications.Framework\Thinktecture.Applications.Framework.csproj", "{EA925276-3B76-4178-99AB-FEA985E6AA5B}"
EndProject
Project("{FAE04EC0-301F-11D3-BF4B-00C04F79EFBC}") = "myProducts.WarmupHelper", "myProducts.WarmupHelper\myProducts.WarmupHelper.csproj", "{BD5CC424-1C2E-4AB0-9A1F-628AA2CCE7DA}"
EndProject
Project("{FAE04EC0-301F-11D3-BF4B-00C04F79EFBC}") = "myProducts.H5WindowsClient", "myProducts.WindowsClient\myProducts.H5WindowsClient.csproj", "{B970ECB7-6F21-41E5-8923-58B57E6CCFB5}"
EndProject
Project("{2150E333-8FDC-42A3-9474-1A3956D46DE8}") = "Clients", "Clients", "{8C013A3A-4D93-4DAE-9FEE-03BAE245B5A3}"
EndProject
Project("{2150E333-8FDC-42A3-9474-1A3956D46DE8}") = ".nuget", ".nuget", "{D9850E38-5CE8-49CC-A3E8-18E93F6932D0}"
	ProjectSection(SolutionItems) = preProject
		.nuget\NuGet.Config = .nuget\NuGet.Config
		.nuget\NuGet.exe = .nuget\NuGet.exe
		.nuget\NuGet.targets = .nuget\NuGet.targets
		.nuget\packages.config = .nuget\packages.config
	EndProjectSection
EndProject
Project("{FAE04EC0-301F-11D3-BF4B-00C04F79EFBC}") = "myProducts.Security", "myProducts.Security\myProducts.Security.csproj", "{7D45675F-5AC2-4423-873C-3D7EE6C31326}"
EndProject
Project("{2150E333-8FDC-42A3-9474-1A3956D46DE8}") = "Hosts", "Hosts", "{FD9799AD-DC7D-4366-8E67-E6CC63BC41D4}"
EndProject
Project("{262852C6-CD72-467D-83FE-5EEB1973A190}") = "myProducts.Windows8", "myProducts.Windows8\myProducts.Windows8.jsproj", "{EFFFAB2F-BFC5-4EDA-B545-45EF4995F55A}"
EndProject
Global
	GlobalSection(SolutionConfigurationPlatforms) = preSolution
		Debug|Any CPU = Debug|Any CPU
		Debug|ARM = Debug|ARM
		Debug|x64 = Debug|x64
		Debug|x86 = Debug|x86
		Release|Any CPU = Release|Any CPU
		Release|ARM = Release|ARM
		Release|x64 = Release|x64
		Release|x86 = Release|x86
	EndGlobalSection
	GlobalSection(ProjectConfigurationPlatforms) = postSolution
		{82EEAA96-8E08-4820-9914-0738CB1C3317}.Debug|Any CPU.ActiveCfg = Debug|Any CPU
		{82EEAA96-8E08-4820-9914-0738CB1C3317}.Debug|Any CPU.Build.0 = Debug|Any CPU
		{82EEAA96-8E08-4820-9914-0738CB1C3317}.Debug|ARM.ActiveCfg = Debug|Any CPU
		{82EEAA96-8E08-4820-9914-0738CB1C3317}.Debug|x64.ActiveCfg = Debug|Any CPU
		{82EEAA96-8E08-4820-9914-0738CB1C3317}.Debug|x86.ActiveCfg = Debug|Any CPU
		{82EEAA96-8E08-4820-9914-0738CB1C3317}.Release|Any CPU.ActiveCfg = Release|Any CPU
		{82EEAA96-8E08-4820-9914-0738CB1C3317}.Release|Any CPU.Build.0 = Release|Any CPU
		{82EEAA96-8E08-4820-9914-0738CB1C3317}.Release|ARM.ActiveCfg = Release|Any CPU
		{82EEAA96-8E08-4820-9914-0738CB1C3317}.Release|x64.ActiveCfg = Release|Any CPU
		{82EEAA96-8E08-4820-9914-0738CB1C3317}.Release|x86.ActiveCfg = Release|Any CPU
		{7B2C0D1F-37D9-4E8B-91FE-3CE33B1DA822}.Debug|Any CPU.ActiveCfg = Debug|Any CPU
		{7B2C0D1F-37D9-4E8B-91FE-3CE33B1DA822}.Debug|Any CPU.Build.0 = Debug|Any CPU
		{7B2C0D1F-37D9-4E8B-91FE-3CE33B1DA822}.Debug|ARM.ActiveCfg = Debug|Any CPU
		{7B2C0D1F-37D9-4E8B-91FE-3CE33B1DA822}.Debug|x64.ActiveCfg = Debug|Any CPU
		{7B2C0D1F-37D9-4E8B-91FE-3CE33B1DA822}.Debug|x86.ActiveCfg = Debug|Any CPU
		{7B2C0D1F-37D9-4E8B-91FE-3CE33B1DA822}.Release|Any CPU.ActiveCfg = Release|Any CPU
		{7B2C0D1F-37D9-4E8B-91FE-3CE33B1DA822}.Release|Any CPU.Build.0 = Release|Any CPU
		{7B2C0D1F-37D9-4E8B-91FE-3CE33B1DA822}.Release|ARM.ActiveCfg = Release|Any CPU
		{7B2C0D1F-37D9-4E8B-91FE-3CE33B1DA822}.Release|x64.ActiveCfg = Release|Any CPU
		{7B2C0D1F-37D9-4E8B-91FE-3CE33B1DA822}.Release|x86.ActiveCfg = Release|Any CPU
		{E24817BB-5AD6-4B27-B75B-1D3824EA88FB}.Debug|Any CPU.ActiveCfg = Debug|Any CPU
		{E24817BB-5AD6-4B27-B75B-1D3824EA88FB}.Debug|Any CPU.Build.0 = Debug|Any CPU
		{E24817BB-5AD6-4B27-B75B-1D3824EA88FB}.Debug|ARM.ActiveCfg = Debug|Any CPU
		{E24817BB-5AD6-4B27-B75B-1D3824EA88FB}.Debug|x64.ActiveCfg = Debug|Any CPU
		{E24817BB-5AD6-4B27-B75B-1D3824EA88FB}.Debug|x86.ActiveCfg = Debug|Any CPU
		{E24817BB-5AD6-4B27-B75B-1D3824EA88FB}.Release|Any CPU.ActiveCfg = Release|Any CPU
		{E24817BB-5AD6-4B27-B75B-1D3824EA88FB}.Release|Any CPU.Build.0 = Release|Any CPU
		{E24817BB-5AD6-4B27-B75B-1D3824EA88FB}.Release|ARM.ActiveCfg = Release|Any CPU
		{E24817BB-5AD6-4B27-B75B-1D3824EA88FB}.Release|x64.ActiveCfg = Release|Any CPU
		{E24817BB-5AD6-4B27-B75B-1D3824EA88FB}.Release|x86.ActiveCfg = Release|Any CPU
		{4F32DC89-081B-4264-92F8-F3371A088EB4}.Debug|Any CPU.ActiveCfg = Debug|Any CPU
		{4F32DC89-081B-4264-92F8-F3371A088EB4}.Debug|Any CPU.Build.0 = Debug|Any CPU
		{4F32DC89-081B-4264-92F8-F3371A088EB4}.Debug|ARM.ActiveCfg = Debug|Any CPU
		{4F32DC89-081B-4264-92F8-F3371A088EB4}.Debug|x64.ActiveCfg = Debug|Any CPU
		{4F32DC89-081B-4264-92F8-F3371A088EB4}.Debug|x86.ActiveCfg = Debug|Any CPU
		{4F32DC89-081B-4264-92F8-F3371A088EB4}.Release|Any CPU.ActiveCfg = Release|Any CPU
		{4F32DC89-081B-4264-92F8-F3371A088EB4}.Release|Any CPU.Build.0 = Release|Any CPU
		{4F32DC89-081B-4264-92F8-F3371A088EB4}.Release|ARM.ActiveCfg = Release|Any CPU
		{4F32DC89-081B-4264-92F8-F3371A088EB4}.Release|x64.ActiveCfg = Release|Any CPU
		{4F32DC89-081B-4264-92F8-F3371A088EB4}.Release|x86.ActiveCfg = Release|Any CPU
		{D5C2F6DB-26E7-415C-89E9-97B4C83E09AB}.Debug|Any CPU.ActiveCfg = Debug|Any CPU
		{D5C2F6DB-26E7-415C-89E9-97B4C83E09AB}.Debug|Any CPU.Build.0 = Debug|Any CPU
		{D5C2F6DB-26E7-415C-89E9-97B4C83E09AB}.Debug|ARM.ActiveCfg = Debug|Any CPU
		{D5C2F6DB-26E7-415C-89E9-97B4C83E09AB}.Debug|x64.ActiveCfg = Debug|Any CPU
		{D5C2F6DB-26E7-415C-89E9-97B4C83E09AB}.Debug|x86.ActiveCfg = Debug|Any CPU
		{D5C2F6DB-26E7-415C-89E9-97B4C83E09AB}.Release|Any CPU.ActiveCfg = Release|Any CPU
		{D5C2F6DB-26E7-415C-89E9-97B4C83E09AB}.Release|Any CPU.Build.0 = Release|Any CPU
		{D5C2F6DB-26E7-415C-89E9-97B4C83E09AB}.Release|ARM.ActiveCfg = Release|Any CPU
		{D5C2F6DB-26E7-415C-89E9-97B4C83E09AB}.Release|x64.ActiveCfg = Release|Any CPU
		{D5C2F6DB-26E7-415C-89E9-97B4C83E09AB}.Release|x86.ActiveCfg = Release|Any CPU
		{59D93108-6C96-496E-A91D-B723B16B23ED}.Debug|Any CPU.ActiveCfg = Debug|Any CPU
		{59D93108-6C96-496E-A91D-B723B16B23ED}.Debug|Any CPU.Build.0 = Debug|Any CPU
		{59D93108-6C96-496E-A91D-B723B16B23ED}.Debug|ARM.ActiveCfg = Debug|Any CPU
		{59D93108-6C96-496E-A91D-B723B16B23ED}.Debug|x64.ActiveCfg = Debug|Any CPU
		{59D93108-6C96-496E-A91D-B723B16B23ED}.Debug|x86.ActiveCfg = Debug|Any CPU
		{59D93108-6C96-496E-A91D-B723B16B23ED}.Release|Any CPU.ActiveCfg = Release|Any CPU
		{59D93108-6C96-496E-A91D-B723B16B23ED}.Release|Any CPU.Build.0 = Release|Any CPU
		{59D93108-6C96-496E-A91D-B723B16B23ED}.Release|ARM.ActiveCfg = Release|Any CPU
		{59D93108-6C96-496E-A91D-B723B16B23ED}.Release|x64.ActiveCfg = Release|Any CPU
		{59D93108-6C96-496E-A91D-B723B16B23ED}.Release|x86.ActiveCfg = Release|Any CPU
		{3A55D123-F887-4CFD-99E7-B1A9FBD32C36}.Debug|Any CPU.ActiveCfg = Debug|Any CPU
		{3A55D123-F887-4CFD-99E7-B1A9FBD32C36}.Debug|Any CPU.Build.0 = Debug|Any CPU
		{3A55D123-F887-4CFD-99E7-B1A9FBD32C36}.Debug|ARM.ActiveCfg = Debug|Any CPU
		{3A55D123-F887-4CFD-99E7-B1A9FBD32C36}.Debug|x64.ActiveCfg = Debug|Any CPU
		{3A55D123-F887-4CFD-99E7-B1A9FBD32C36}.Debug|x86.ActiveCfg = Debug|Any CPU
		{3A55D123-F887-4CFD-99E7-B1A9FBD32C36}.Release|Any CPU.ActiveCfg = Release|Any CPU
		{3A55D123-F887-4CFD-99E7-B1A9FBD32C36}.Release|Any CPU.Build.0 = Release|Any CPU
		{3A55D123-F887-4CFD-99E7-B1A9FBD32C36}.Release|ARM.ActiveCfg = Release|Any CPU
		{3A55D123-F887-4CFD-99E7-B1A9FBD32C36}.Release|x64.ActiveCfg = Release|Any CPU
		{3A55D123-F887-4CFD-99E7-B1A9FBD32C36}.Release|x86.ActiveCfg = Release|Any CPU
		{97046BCF-227C-4F65-9374-733FDBDBE1F4}.Debug|Any CPU.ActiveCfg = Debug|Any CPU
		{97046BCF-227C-4F65-9374-733FDBDBE1F4}.Debug|Any CPU.Build.0 = Debug|Any CPU
		{97046BCF-227C-4F65-9374-733FDBDBE1F4}.Debug|ARM.ActiveCfg = Debug|Any CPU
		{97046BCF-227C-4F65-9374-733FDBDBE1F4}.Debug|x64.ActiveCfg = Debug|Any CPU
		{97046BCF-227C-4F65-9374-733FDBDBE1F4}.Debug|x86.ActiveCfg = Debug|Any CPU
		{97046BCF-227C-4F65-9374-733FDBDBE1F4}.Release|Any CPU.ActiveCfg = Release|Any CPU
		{97046BCF-227C-4F65-9374-733FDBDBE1F4}.Release|Any CPU.Build.0 = Release|Any CPU
		{97046BCF-227C-4F65-9374-733FDBDBE1F4}.Release|ARM.ActiveCfg = Release|Any CPU
		{97046BCF-227C-4F65-9374-733FDBDBE1F4}.Release|x64.ActiveCfg = Release|Any CPU
		{97046BCF-227C-4F65-9374-733FDBDBE1F4}.Release|x86.ActiveCfg = Release|Any CPU
		{E50EAD59-DA89-4D16-841F-E685C431C762}.Debug|Any CPU.ActiveCfg = Debug|Any CPU
		{E50EAD59-DA89-4D16-841F-E685C431C762}.Debug|Any CPU.Build.0 = Debug|Any CPU
		{E50EAD59-DA89-4D16-841F-E685C431C762}.Debug|ARM.ActiveCfg = Debug|Any CPU
		{E50EAD59-DA89-4D16-841F-E685C431C762}.Debug|x64.ActiveCfg = Debug|Any CPU
		{E50EAD59-DA89-4D16-841F-E685C431C762}.Debug|x86.ActiveCfg = Debug|Any CPU
		{E50EAD59-DA89-4D16-841F-E685C431C762}.Release|Any CPU.ActiveCfg = Release|Any CPU
		{E50EAD59-DA89-4D16-841F-E685C431C762}.Release|Any CPU.Build.0 = Release|Any CPU
		{E50EAD59-DA89-4D16-841F-E685C431C762}.Release|ARM.ActiveCfg = Release|Any CPU
		{E50EAD59-DA89-4D16-841F-E685C431C762}.Release|x64.ActiveCfg = Release|Any CPU
		{E50EAD59-DA89-4D16-841F-E685C431C762}.Release|x86.ActiveCfg = Release|Any CPU
		{7C373040-6D5A-4874-B38F-909CAC45B429}.Debug|Any CPU.ActiveCfg = Debug|Any CPU
		{7C373040-6D5A-4874-B38F-909CAC45B429}.Debug|Any CPU.Build.0 = Debug|Any CPU
		{7C373040-6D5A-4874-B38F-909CAC45B429}.Debug|ARM.ActiveCfg = Debug|Any CPU
		{7C373040-6D5A-4874-B38F-909CAC45B429}.Debug|x64.ActiveCfg = Debug|Any CPU
		{7C373040-6D5A-4874-B38F-909CAC45B429}.Debug|x86.ActiveCfg = Debug|Any CPU
		{7C373040-6D5A-4874-B38F-909CAC45B429}.Release|Any CPU.ActiveCfg = Release|Any CPU
		{7C373040-6D5A-4874-B38F-909CAC45B429}.Release|Any CPU.Build.0 = Release|Any CPU
		{7C373040-6D5A-4874-B38F-909CAC45B429}.Release|ARM.ActiveCfg = Release|Any CPU
		{7C373040-6D5A-4874-B38F-909CAC45B429}.Release|x64.ActiveCfg = Release|Any CPU
		{7C373040-6D5A-4874-B38F-909CAC45B429}.Release|x86.ActiveCfg = Release|Any CPU
		{EA925276-3B76-4178-99AB-FEA985E6AA5B}.Debug|Any CPU.ActiveCfg = Debug|Any CPU
		{EA925276-3B76-4178-99AB-FEA985E6AA5B}.Debug|Any CPU.Build.0 = Debug|Any CPU
		{EA925276-3B76-4178-99AB-FEA985E6AA5B}.Debug|ARM.ActiveCfg = Debug|Any CPU
		{EA925276-3B76-4178-99AB-FEA985E6AA5B}.Debug|x64.ActiveCfg = Debug|Any CPU
		{EA925276-3B76-4178-99AB-FEA985E6AA5B}.Debug|x86.ActiveCfg = Debug|Any CPU
		{EA925276-3B76-4178-99AB-FEA985E6AA5B}.Release|Any CPU.ActiveCfg = Release|Any CPU
		{EA925276-3B76-4178-99AB-FEA985E6AA5B}.Release|Any CPU.Build.0 = Release|Any CPU
		{EA925276-3B76-4178-99AB-FEA985E6AA5B}.Release|ARM.ActiveCfg = Release|Any CPU
		{EA925276-3B76-4178-99AB-FEA985E6AA5B}.Release|x64.ActiveCfg = Release|Any CPU
		{EA925276-3B76-4178-99AB-FEA985E6AA5B}.Release|x86.ActiveCfg = Release|Any CPU
		{BD5CC424-1C2E-4AB0-9A1F-628AA2CCE7DA}.Debug|Any CPU.ActiveCfg = Debug|Any CPU
		{BD5CC424-1C2E-4AB0-9A1F-628AA2CCE7DA}.Debug|Any CPU.Build.0 = Debug|Any CPU
		{BD5CC424-1C2E-4AB0-9A1F-628AA2CCE7DA}.Debug|ARM.ActiveCfg = Debug|Any CPU
		{BD5CC424-1C2E-4AB0-9A1F-628AA2CCE7DA}.Debug|x64.ActiveCfg = Debug|Any CPU
		{BD5CC424-1C2E-4AB0-9A1F-628AA2CCE7DA}.Debug|x86.ActiveCfg = Debug|Any CPU
		{BD5CC424-1C2E-4AB0-9A1F-628AA2CCE7DA}.Release|Any CPU.ActiveCfg = Release|Any CPU
		{BD5CC424-1C2E-4AB0-9A1F-628AA2CCE7DA}.Release|Any CPU.Build.0 = Release|Any CPU
		{BD5CC424-1C2E-4AB0-9A1F-628AA2CCE7DA}.Release|ARM.ActiveCfg = Release|Any CPU
		{BD5CC424-1C2E-4AB0-9A1F-628AA2CCE7DA}.Release|x64.ActiveCfg = Release|Any CPU
		{BD5CC424-1C2E-4AB0-9A1F-628AA2CCE7DA}.Release|x86.ActiveCfg = Release|Any CPU
		{B970ECB7-6F21-41E5-8923-58B57E6CCFB5}.Debug|Any CPU.ActiveCfg = Debug|Any CPU
		{B970ECB7-6F21-41E5-8923-58B57E6CCFB5}.Debug|Any CPU.Build.0 = Debug|Any CPU
		{B970ECB7-6F21-41E5-8923-58B57E6CCFB5}.Debug|ARM.ActiveCfg = Debug|Any CPU
		{B970ECB7-6F21-41E5-8923-58B57E6CCFB5}.Debug|x64.ActiveCfg = Debug|Any CPU
		{B970ECB7-6F21-41E5-8923-58B57E6CCFB5}.Debug|x86.ActiveCfg = Debug|Any CPU
		{B970ECB7-6F21-41E5-8923-58B57E6CCFB5}.Release|Any CPU.ActiveCfg = Release|Any CPU
		{B970ECB7-6F21-41E5-8923-58B57E6CCFB5}.Release|Any CPU.Build.0 = Release|Any CPU
		{B970ECB7-6F21-41E5-8923-58B57E6CCFB5}.Release|ARM.ActiveCfg = Release|Any CPU
		{B970ECB7-6F21-41E5-8923-58B57E6CCFB5}.Release|x64.ActiveCfg = Release|Any CPU
		{B970ECB7-6F21-41E5-8923-58B57E6CCFB5}.Release|x86.ActiveCfg = Release|Any CPU
		{7D45675F-5AC2-4423-873C-3D7EE6C31326}.Debug|Any CPU.ActiveCfg = Debug|Any CPU
		{7D45675F-5AC2-4423-873C-3D7EE6C31326}.Debug|Any CPU.Build.0 = Debug|Any CPU
		{7D45675F-5AC2-4423-873C-3D7EE6C31326}.Debug|ARM.ActiveCfg = Debug|Any CPU
		{7D45675F-5AC2-4423-873C-3D7EE6C31326}.Debug|x64.ActiveCfg = Debug|Any CPU
		{7D45675F-5AC2-4423-873C-3D7EE6C31326}.Debug|x86.ActiveCfg = Debug|Any CPU
		{7D45675F-5AC2-4423-873C-3D7EE6C31326}.Release|Any CPU.ActiveCfg = Release|Any CPU
		{7D45675F-5AC2-4423-873C-3D7EE6C31326}.Release|Any CPU.Build.0 = Release|Any CPU
		{7D45675F-5AC2-4423-873C-3D7EE6C31326}.Release|ARM.ActiveCfg = Release|Any CPU
		{7D45675F-5AC2-4423-873C-3D7EE6C31326}.Release|x64.ActiveCfg = Release|Any CPU
		{7D45675F-5AC2-4423-873C-3D7EE6C31326}.Release|x86.ActiveCfg = Release|Any CPU
		{EFFFAB2F-BFC5-4EDA-B545-45EF4995F55A}.Debug|Any CPU.ActiveCfg = Debug|Any CPU
		{EFFFAB2F-BFC5-4EDA-B545-45EF4995F55A}.Debug|Any CPU.Build.0 = Debug|Any CPU
		{EFFFAB2F-BFC5-4EDA-B545-45EF4995F55A}.Debug|Any CPU.Deploy.0 = Debug|Any CPU
		{EFFFAB2F-BFC5-4EDA-B545-45EF4995F55A}.Debug|ARM.ActiveCfg = Debug|ARM
		{EFFFAB2F-BFC5-4EDA-B545-45EF4995F55A}.Debug|ARM.Build.0 = Debug|ARM
		{EFFFAB2F-BFC5-4EDA-B545-45EF4995F55A}.Debug|ARM.Deploy.0 = Debug|ARM
		{EFFFAB2F-BFC5-4EDA-B545-45EF4995F55A}.Debug|x64.ActiveCfg = Debug|x64
		{EFFFAB2F-BFC5-4EDA-B545-45EF4995F55A}.Debug|x64.Build.0 = Debug|x64
		{EFFFAB2F-BFC5-4EDA-B545-45EF4995F55A}.Debug|x64.Deploy.0 = Debug|x64
		{EFFFAB2F-BFC5-4EDA-B545-45EF4995F55A}.Debug|x86.ActiveCfg = Debug|x86
		{EFFFAB2F-BFC5-4EDA-B545-45EF4995F55A}.Debug|x86.Build.0 = Debug|x86
		{EFFFAB2F-BFC5-4EDA-B545-45EF4995F55A}.Debug|x86.Deploy.0 = Debug|x86
		{EFFFAB2F-BFC5-4EDA-B545-45EF4995F55A}.Release|Any CPU.ActiveCfg = Release|Any CPU
		{EFFFAB2F-BFC5-4EDA-B545-45EF4995F55A}.Release|Any CPU.Build.0 = Release|Any CPU
		{EFFFAB2F-BFC5-4EDA-B545-45EF4995F55A}.Release|Any CPU.Deploy.0 = Release|Any CPU
		{EFFFAB2F-BFC5-4EDA-B545-45EF4995F55A}.Release|ARM.ActiveCfg = Release|ARM
		{EFFFAB2F-BFC5-4EDA-B545-45EF4995F55A}.Release|ARM.Build.0 = Release|ARM
		{EFFFAB2F-BFC5-4EDA-B545-45EF4995F55A}.Release|ARM.Deploy.0 = Release|ARM
		{EFFFAB2F-BFC5-4EDA-B545-45EF4995F55A}.Release|x64.ActiveCfg = Release|x64
		{EFFFAB2F-BFC5-4EDA-B545-45EF4995F55A}.Release|x64.Build.0 = Release|x64
		{EFFFAB2F-BFC5-4EDA-B545-45EF4995F55A}.Release|x64.Deploy.0 = Release|x64
		{EFFFAB2F-BFC5-4EDA-B545-45EF4995F55A}.Release|x86.ActiveCfg = Release|x86
		{EFFFAB2F-BFC5-4EDA-B545-45EF4995F55A}.Release|x86.Build.0 = Release|x86
		{EFFFAB2F-BFC5-4EDA-B545-45EF4995F55A}.Release|x86.Deploy.0 = Release|x86
	EndGlobalSection
	GlobalSection(SolutionProperties) = preSolution
		HideSolutionNode = FALSE
	EndGlobalSection
	GlobalSection(NestedProjects) = preSolution
		{7B2C0D1F-37D9-4E8B-91FE-3CE33B1DA822} = {FD9799AD-DC7D-4366-8E67-E6CC63BC41D4}
		{E24817BB-5AD6-4B27-B75B-1D3824EA88FB} = {CE8925FC-4049-4DEF-BB3E-5F1557B22C20}
		{4F32DC89-081B-4264-92F8-F3371A088EB4} = {D16EC645-05E7-4628-876E-E0E1356CC97E}
		{D5C2F6DB-26E7-415C-89E9-97B4C83E09AB} = {D16EC645-05E7-4628-876E-E0E1356CC97E}
		{3A55D123-F887-4CFD-99E7-B1A9FBD32C36} = {FD9799AD-DC7D-4366-8E67-E6CC63BC41D4}
		{97046BCF-227C-4F65-9374-733FDBDBE1F4} = {FD9799AD-DC7D-4366-8E67-E6CC63BC41D4}
		{E50EAD59-DA89-4D16-841F-E685C431C762} = {CE8925FC-4049-4DEF-BB3E-5F1557B22C20}
		{EA925276-3B76-4178-99AB-FEA985E6AA5B} = {D16EC645-05E7-4628-876E-E0E1356CC97E}
		{BD5CC424-1C2E-4AB0-9A1F-628AA2CCE7DA} = {CE8925FC-4049-4DEF-BB3E-5F1557B22C20}
		{B970ECB7-6F21-41E5-8923-58B57E6CCFB5} = {8C013A3A-4D93-4DAE-9FEE-03BAE245B5A3}
		{EFFFAB2F-BFC5-4EDA-B545-45EF4995F55A} = {8C013A3A-4D93-4DAE-9FEE-03BAE245B5A3}
	EndGlobalSection
EndGlobal
