
Microsoft Visual Studio Solution File, Format Version 12.00
# Visual Studio 2012
Project("{FAE04EC0-301F-11D3-BF4B-00C04F79EFBC}") = "myProducts.DataAccess", "myProducts.DataAccess\myProducts.DataAccess.csproj", "{82EEAA96-8E08-4820-9914-0738CB1C3317}"
EndProject
Project("{FAE04EC0-301F-11D3-BF4B-00C04F79EFBC}") = "myProducts.Web", "myProducts.Web\myProducts.Web.csproj", "{7B2C0D1F-37D9-4E8B-91FE-3CE33B1DA822}"
EndProject
Project("{FAE04EC0-301F-11D3-BF4B-00C04F79EFBC}") = "myProducts.TestData", "myProducts.TestData\myProducts.TestData.csproj", "{E24817BB-5AD6-4B27-B75B-1D3824EA88FB}"
EndProject
Project("{FAE04EC0-301F-11D3-BF4B-00C04F79EFBC}") = "WebAPI.OutputCache", "libs\WebAPI.OutputCache\WebAPI.OutputCache.csproj", "{4F32DC89-081B-4264-92F8-F3371A088EB4}"
EndProject
Project("{2150E333-8FDC-42A3-9474-1A3956D46DE8}") = "libs", "libs", "{D16EC645-05E7-4628-876E-E0E1356CC97E}"
EndProject
Project("{FAE04EC0-301F-11D3-BF4B-00C04F79EFBC}") = "PerfIt", "libs\PerfIt\PerfIt.csproj", "{D5C2F6DB-26E7-415C-89E9-97B4C83E09AB}"
EndProject
Project("{FAE04EC0-301F-11D3-BF4B-00C04F79EFBC}") = "myProducts.SelfHost", "myProducts.SelfHost\myProducts.SelfHost.csproj", "{97046BCF-227C-4F65-9374-733FDBDBE1F4}"
EndProject
Global
	GlobalSection(SolutionConfigurationPlatforms) = preSolution
		Debug|Any CPU = Debug|Any CPU
		Release|Any CPU = Release|Any CPU
	EndGlobalSection
	GlobalSection(ProjectConfigurationPlatforms) = postSolution
		{82EEAA96-8E08-4820-9914-0738CB1C3317}.Debug|Any CPU.ActiveCfg = Debug|Any CPU
		{82EEAA96-8E08-4820-9914-0738CB1C3317}.Debug|Any CPU.Build.0 = Debug|Any CPU
		{82EEAA96-8E08-4820-9914-0738CB1C3317}.Release|Any CPU.ActiveCfg = Release|Any CPU
		{82EEAA96-8E08-4820-9914-0738CB1C3317}.Release|Any CPU.Build.0 = Release|Any CPU
		{7B2C0D1F-37D9-4E8B-91FE-3CE33B1DA822}.Debug|Any CPU.ActiveCfg = Debug|Any CPU
		{7B2C0D1F-37D9-4E8B-91FE-3CE33B1DA822}.Debug|Any CPU.Build.0 = Debug|Any CPU
		{7B2C0D1F-37D9-4E8B-91FE-3CE33B1DA822}.Release|Any CPU.ActiveCfg = Release|Any CPU
		{7B2C0D1F-37D9-4E8B-91FE-3CE33B1DA822}.Release|Any CPU.Build.0 = Release|Any CPU
		{E24817BB-5AD6-4B27-B75B-1D3824EA88FB}.Debug|Any CPU.ActiveCfg = Debug|Any CPU
		{E24817BB-5AD6-4B27-B75B-1D3824EA88FB}.Debug|Any CPU.Build.0 = Debug|Any CPU
		{E24817BB-5AD6-4B27-B75B-1D3824EA88FB}.Release|Any CPU.ActiveCfg = Release|Any CPU
		{E24817BB-5AD6-4B27-B75B-1D3824EA88FB}.Release|Any CPU.Build.0 = Release|Any CPU
		{4F32DC89-081B-4264-92F8-F3371A088EB4}.Debug|Any CPU.ActiveCfg = Debug|Any CPU
		{4F32DC89-081B-4264-92F8-F3371A088EB4}.Debug|Any CPU.Build.0 = Debug|Any CPU
		{4F32DC89-081B-4264-92F8-F3371A088EB4}.Release|Any CPU.ActiveCfg = Release|Any CPU
		{4F32DC89-081B-4264-92F8-F3371A088EB4}.Release|Any CPU.Build.0 = Release|Any CPU
		{D5C2F6DB-26E7-415C-89E9-97B4C83E09AB}.Debug|Any CPU.ActiveCfg = Debug|Any CPU
		{D5C2F6DB-26E7-415C-89E9-97B4C83E09AB}.Debug|Any CPU.Build.0 = Debug|Any CPU
		{D5C2F6DB-26E7-415C-89E9-97B4C83E09AB}.Release|Any CPU.ActiveCfg = Release|Any CPU
		{D5C2F6DB-26E7-415C-89E9-97B4C83E09AB}.Release|Any CPU.Build.0 = Release|Any CPU
		{97046BCF-227C-4F65-9374-733FDBDBE1F4}.Debug|Any CPU.ActiveCfg = Debug|Any CPU
		{97046BCF-227C-4F65-9374-733FDBDBE1F4}.Debug|Any CPU.Build.0 = Debug|Any CPU
		{97046BCF-227C-4F65-9374-733FDBDBE1F4}.Release|Any CPU.ActiveCfg = Release|Any CPU
		{97046BCF-227C-4F65-9374-733FDBDBE1F4}.Release|Any CPU.Build.0 = Release|Any CPU
	EndGlobalSection
	GlobalSection(SolutionProperties) = preSolution
		HideSolutionNode = FALSE
	EndGlobalSection
	GlobalSection(NestedProjects) = preSolution
		{4F32DC89-081B-4264-92F8-F3371A088EB4} = {D16EC645-05E7-4628-876E-E0E1356CC97E}
		{D5C2F6DB-26E7-415C-89E9-97B4C83E09AB} = {D16EC645-05E7-4628-876E-E0E1356CC97E}
	EndGlobalSection
EndGlobal
